
Microsoft Visual Studio Solution File, Format Version 12.00
# Visual Studio 15
Project("{FAE04EC0-301F-11D3-BF4B-00C04F79EFBC}") = "UnityEngine.UI", "UnityEngine.UI.csproj", "{6A2E8B09-3221-1994-954C-14209D2C8335}"
EndProject
Project("{FAE04EC0-301F-11D3-BF4B-00C04F79EFBC}") = "UnityEngine.TestRunner", "UnityEngine.TestRunner.csproj", "{58D3BA86-88BA-7B5F-3FBE-7ED60EADC381}"
EndProject
Project("{FAE04EC0-301F-11D3-BF4B-00C04F79EFBC}") = "Unity.Mathematics", "Unity.Mathematics.csproj", "{2A17F56D-B021-6FCF-338D-487670AE9B43}"
EndProject
Project("{FAE04EC0-301F-11D3-BF4B-00C04F79EFBC}") = "Unity.Timeline", "Unity.Timeline.csproj", "{C67CC619-B984-C695-B9FA-DFE5FDB1A140}"
EndProject
Project("{FAE04EC0-301F-11D3-BF4B-00C04F79EFBC}") = "Unity.TextMeshPro", "Unity.TextMeshPro.csproj", "{C6396C46-E7C8-194E-4329-82462E64E6E8}"
EndProject
Project("{FAE04EC0-301F-11D3-BF4B-00C04F79EFBC}") = "Unity.2D.Animation.Runtime", "Unity.2D.Animation.Runtime.csproj", "{666136DA-FA05-EA1C-D999-672CF78EE382}"
EndProject
Project("{FAE04EC0-301F-11D3-BF4B-00C04F79EFBC}") = "Unity.2D.IK.Runtime", "Unity.2D.IK.Runtime.csproj", "{55B44EC2-8E7D-50E3-4BE7-0EEE08809890}"
EndProject
Project("{FAE04EC0-301F-11D3-BF4B-00C04F79EFBC}") = "Unity.2D.SpriteShape.Runtime", "Unity.2D.SpriteShape.Runtime.csproj", "{5AE02B76-E23B-8BE4-2F53-453D6C4B96DF}"
EndProject
Project("{FAE04EC0-301F-11D3-BF4B-00C04F79EFBC}") = "Unity.2D.PixelPerfect", "Unity.2D.PixelPerfect.csproj", "{0DE6DEF0-25A0-1458-010E-2AC9C198D342}"
EndProject
Project("{FAE04EC0-301F-11D3-BF4B-00C04F79EFBC}") = "Unity.2D.Common.Runtime", "Unity.2D.Common.Runtime.csproj", "{A5F1D74A-1553-8D67-C5D9-1458A7D28A36}"
EndProject
Project("{FAE04EC0-301F-11D3-BF4B-00C04F79EFBC}") = "Unity.InternalAPIEngineBridge.001", "Unity.InternalAPIEngineBridge.001.csproj", "{A8B44C56-A063-A0AB-BAAB-7A9C42A7D2F7}"
EndProject
Project("{FAE04EC0-301F-11D3-BF4B-00C04F79EFBC}") = "UnityEditor.TestRunner", "UnityEditor.TestRunner.csproj", "{DCBE0B5E-5EAD-C2F3-0CB2-1D63F16EC9C7}"
EndProject
Project("{FAE04EC0-301F-11D3-BF4B-00C04F79EFBC}") = "Unity.PlasticSCM.Editor", "Unity.PlasticSCM.Editor.csproj", "{61832A4C-C73D-3E81-1184-B321F91E8B32}"
EndProject
Project("{FAE04EC0-301F-11D3-BF4B-00C04F79EFBC}") = "Unity.2D.Animation.Triangle.Editor", "Unity.2D.Animation.Triangle.Editor.csproj", "{49E9850F-73D8-012E-7420-FB1330E2E027}"
EndProject
Project("{FAE04EC0-301F-11D3-BF4B-00C04F79EFBC}") = "UnityEditor.UI", "UnityEditor.UI.csproj", "{182E83BF-6C16-145E-45BF-FD1A5314D102}"
EndProject
Project("{FAE04EC0-301F-11D3-BF4B-00C04F79EFBC}") = "Unity.Services.Core.Editor", "Unity.Services.Core.Editor.csproj", "{A6587BC6-3278-F16D-0939-FFA7A1B69C61}"
EndProject
Project("{FAE04EC0-301F-11D3-BF4B-00C04F79EFBC}") = "Unity.Timeline.Editor", "Unity.Timeline.Editor.csproj", "{E160E8D2-2E56-20C0-87F6-0A46038EEDF4}"
EndProject
Project("{FAE04EC0-301F-11D3-BF4B-00C04F79EFBC}") = "Unity.VisualStudio.Editor", "Unity.VisualStudio.Editor.csproj", "{9EC56CB6-3C3D-A318-84DD-965C458805BC}"
EndProject
Project("{FAE04EC0-301F-11D3-BF4B-00C04F79EFBC}") = "Unity.2D.Psdimporter.Editor", "Unity.2D.Psdimporter.Editor.csproj", "{355ED7CE-3D34-80E0-C623-68CC5F63B5A0}"
EndProject
Project("{FAE04EC0-301F-11D3-BF4B-00C04F79EFBC}") = "Unity.2D.Animation.Editor", "Unity.2D.Animation.Editor.csproj", "{A685E0AF-29E2-E825-85C0-EEE69C232595}"
EndProject
Project("{FAE04EC0-301F-11D3-BF4B-00C04F79EFBC}") = "Unity.TextMeshPro.Editor", "Unity.TextMeshPro.Editor.csproj", "{B5F4341C-1BA7-54D4-E81A-643D5E14D6EB}"
EndProject
Project("{FAE04EC0-301F-11D3-BF4B-00C04F79EFBC}") = "Unity.2D.SpriteShape.Editor", "Unity.2D.SpriteShape.Editor.csproj", "{D7E19710-1B9E-D8EA-AFCD-2AB0D06926B2}"
EndProject
Project("{FAE04EC0-301F-11D3-BF4B-00C04F79EFBC}") = "Unity.CollabProxy.Editor", "Unity.CollabProxy.Editor.csproj", "{31D12E91-BD0A-354B-C509-9B314A7CA6A8}"
EndProject
Project("{FAE04EC0-301F-11D3-BF4B-00C04F79EFBC}") = "PsdPlugin", "PsdPlugin.csproj", "{533B61E6-F407-BE5A-F15C-738A684313FD}"
EndProject
Project("{FAE04EC0-301F-11D3-BF4B-00C04F79EFBC}") = "Unity.2D.Path.Editor", "Unity.2D.Path.Editor.csproj", "{72255BF2-671D-48FD-67BC-F1E67D6B37A0}"
EndProject
Project("{FAE04EC0-301F-11D3-BF4B-00C04F79EFBC}") = "Unity.Rider.Editor", "Unity.Rider.Editor.csproj", "{D93F88D4-0C29-536E-7EF0-5BAF91D2CA85}"
EndProject
Project("{FAE04EC0-301F-11D3-BF4B-00C04F79EFBC}") = "Unity.2D.IK.Editor", "Unity.2D.IK.Editor.csproj", "{0433842E-55E1-2457-D8C0-09075B3A78F9}"
EndProject
Project("{FAE04EC0-301F-11D3-BF4B-00C04F79EFBC}") = "Unity.2D.Sprite.Editor", "Unity.2D.Sprite.Editor.csproj", "{6009D393-7A2B-2E42-81F9-85E1112D0C2F}"
EndProject
Project("{FAE04EC0-301F-11D3-BF4B-00C04F79EFBC}") = "Unity.2D.Tilemap.Editor", "Unity.2D.Tilemap.Editor.csproj", "{930D3490-EAE6-365A-E1FB-FA799E283EA4}"
EndProject
Project("{FAE04EC0-301F-11D3-BF4B-00C04F79EFBC}") = "Unity.2D.PixelPerfect.Editor", "Unity.2D.PixelPerfect.Editor.csproj", "{A50BCC4E-BAB5-7EFF-79B8-557CC3B69C11}"
EndProject
Project("{FAE04EC0-301F-11D3-BF4B-00C04F79EFBC}") = "Unity.VSCode.Editor", "Unity.VSCode.Editor.csproj", "{FEE5FCB2-347B-813E-AF7F-2AAD0213064F}"
EndProject
Project("{FAE04EC0-301F-11D3-BF4B-00C04F79EFBC}") = "Unity.2D.Common.Editor", "Unity.2D.Common.Editor.csproj", "{D2138098-DF9B-7714-46E5-0871F80A4729}"
EndProject
Project("{FAE04EC0-301F-11D3-BF4B-00C04F79EFBC}") = "Unity.Mathematics.Editor", "Unity.Mathematics.Editor.csproj", "{B22E9974-1FAC-491F-35F8-21076D030641}"
EndProject
Project("{FAE04EC0-301F-11D3-BF4B-00C04F79EFBC}") = "Unity.InternalAPIEditorBridge.001", "Unity.InternalAPIEditorBridge.001.csproj", "{746AEFCC-5AB2-AD04-9471-1284B5729FEE}"
EndProject
Project("{FAE04EC0-301F-11D3-BF4B-00C04F79EFBC}") = "UnityEngine.UI", "UnityEngine.UI.Player.csproj", "{75434DEB-0580-5039-8119-3AEEDCBCF82E}"
EndProject
Project("{FAE04EC0-301F-11D3-BF4B-00C04F79EFBC}") = "UnityEngine.TestRunner", "UnityEngine.TestRunner.Player.csproj", "{EC29F888-D37D-3814-0B21-0AD524CF3CAB}"
EndProject
Project("{FAE04EC0-301F-11D3-BF4B-00C04F79EFBC}") = "Unity.Mathematics", "Unity.Mathematics.Player.csproj", "{B7D38FE4-796B-5C51-5FA8-757DE007D0CD}"
EndProject
Project("{FAE04EC0-301F-11D3-BF4B-00C04F79EFBC}") = "Unity.Timeline", "Unity.Timeline.Player.csproj", "{8F978050-A4D3-879B-4E34-0D99BA337AB1}"
EndProject
Project("{FAE04EC0-301F-11D3-BF4B-00C04F79EFBC}") = "Unity.TextMeshPro", "Unity.TextMeshPro.Player.csproj", "{4A687B98-27CA-9582-72BC-F4B00725A3B8}"
EndProject
Project("{FAE04EC0-301F-11D3-BF4B-00C04F79EFBC}") = "Unity.2D.Animation.Runtime", "Unity.2D.Animation.Runtime.Player.csproj", "{D5F3FE33-322F-6A12-A849-776F2CE361F5}"
EndProject
Project("{FAE04EC0-301F-11D3-BF4B-00C04F79EFBC}") = "Unity.2D.IK.Runtime", "Unity.2D.IK.Runtime.Player.csproj", "{5FF8652A-419A-4AA4-90AD-13C3B70ED939}"
EndProject
Project("{FAE04EC0-301F-11D3-BF4B-00C04F79EFBC}") = "Unity.2D.SpriteShape.Runtime", "Unity.2D.SpriteShape.Runtime.Player.csproj", "{86A3A85C-E708-18BC-44AB-75420C9D13B0}"
EndProject
Project("{FAE04EC0-301F-11D3-BF4B-00C04F79EFBC}") = "Unity.2D.PixelPerfect", "Unity.2D.PixelPerfect.Player.csproj", "{B7EB6489-38F9-E0CA-772C-8D3649654286}"
EndProject
Project("{FAE04EC0-301F-11D3-BF4B-00C04F79EFBC}") = "Unity.2D.Common.Runtime", "Unity.2D.Common.Runtime.Player.csproj", "{00888D7E-4288-68EF-3047-E3256375916F}"
EndProject
Project("{FAE04EC0-301F-11D3-BF4B-00C04F79EFBC}") = "Unity.InternalAPIEngineBridge.001", "Unity.InternalAPIEngineBridge.001.Player.csproj", "{0D86C5AE-6BC1-6F60-CADB-DFEFA2112322}"
EndProject
Global
	GlobalSection(SolutionConfigurationPlatforms) = preSolution
		Debug|Any CPU = Debug|Any CPU
		Release|Any CPU = Release|Any CPU
	EndGlobalSection
	GlobalSection(ProjectConfigurationPlatforms) = postSolution
		{6A2E8B09-3221-1994-954C-14209D2C8335}.Debug|Any CPU.ActiveCfg = Debug|Any CPU
		{6A2E8B09-3221-1994-954C-14209D2C8335}.Debug|Any CPU.Build.0 = Debug|Any CPU
		{6A2E8B09-3221-1994-954C-14209D2C8335}.Release|Any CPU.ActiveCfg = Release|Any CPU
		{6A2E8B09-3221-1994-954C-14209D2C8335}.Release|Any CPU.Build.0 = Release|Any CPU
		{58D3BA86-88BA-7B5F-3FBE-7ED60EADC381}.Debug|Any CPU.ActiveCfg = Debug|Any CPU
		{58D3BA86-88BA-7B5F-3FBE-7ED60EADC381}.Debug|Any CPU.Build.0 = Debug|Any CPU
		{58D3BA86-88BA-7B5F-3FBE-7ED60EADC381}.Release|Any CPU.ActiveCfg = Release|Any CPU
		{58D3BA86-88BA-7B5F-3FBE-7ED60EADC381}.Release|Any CPU.Build.0 = Release|Any CPU
		{2A17F56D-B021-6FCF-338D-487670AE9B43}.Debug|Any CPU.ActiveCfg = Debug|Any CPU
		{2A17F56D-B021-6FCF-338D-487670AE9B43}.Debug|Any CPU.Build.0 = Debug|Any CPU
		{2A17F56D-B021-6FCF-338D-487670AE9B43}.Release|Any CPU.ActiveCfg = Release|Any CPU
		{2A17F56D-B021-6FCF-338D-487670AE9B43}.Release|Any CPU.Build.0 = Release|Any CPU
		{C67CC619-B984-C695-B9FA-DFE5FDB1A140}.Debug|Any CPU.ActiveCfg = Debug|Any CPU
		{C67CC619-B984-C695-B9FA-DFE5FDB1A140}.Debug|Any CPU.Build.0 = Debug|Any CPU
		{C67CC619-B984-C695-B9FA-DFE5FDB1A140}.Release|Any CPU.ActiveCfg = Release|Any CPU
		{C67CC619-B984-C695-B9FA-DFE5FDB1A140}.Release|Any CPU.Build.0 = Release|Any CPU
		{C6396C46-E7C8-194E-4329-82462E64E6E8}.Debug|Any CPU.ActiveCfg = Debug|Any CPU
		{C6396C46-E7C8-194E-4329-82462E64E6E8}.Debug|Any CPU.Build.0 = Debug|Any CPU
		{C6396C46-E7C8-194E-4329-82462E64E6E8}.Release|Any CPU.ActiveCfg = Release|Any CPU
		{C6396C46-E7C8-194E-4329-82462E64E6E8}.Release|Any CPU.Build.0 = Release|Any CPU
		{666136DA-FA05-EA1C-D999-672CF78EE382}.Debug|Any CPU.ActiveCfg = Debug|Any CPU
		{666136DA-FA05-EA1C-D999-672CF78EE382}.Debug|Any CPU.Build.0 = Debug|Any CPU
		{666136DA-FA05-EA1C-D999-672CF78EE382}.Release|Any CPU.ActiveCfg = Release|Any CPU
		{666136DA-FA05-EA1C-D999-672CF78EE382}.Release|Any CPU.Build.0 = Release|Any CPU
		{55B44EC2-8E7D-50E3-4BE7-0EEE08809890}.Debug|Any CPU.ActiveCfg = Debug|Any CPU
		{55B44EC2-8E7D-50E3-4BE7-0EEE08809890}.Debug|Any CPU.Build.0 = Debug|Any CPU
		{55B44EC2-8E7D-50E3-4BE7-0EEE08809890}.Release|Any CPU.ActiveCfg = Release|Any CPU
		{55B44EC2-8E7D-50E3-4BE7-0EEE08809890}.Release|Any CPU.Build.0 = Release|Any CPU
		{5AE02B76-E23B-8BE4-2F53-453D6C4B96DF}.Debug|Any CPU.ActiveCfg = Debug|Any CPU
		{5AE02B76-E23B-8BE4-2F53-453D6C4B96DF}.Debug|Any CPU.Build.0 = Debug|Any CPU
		{5AE02B76-E23B-8BE4-2F53-453D6C4B96DF}.Release|Any CPU.ActiveCfg = Release|Any CPU
		{5AE02B76-E23B-8BE4-2F53-453D6C4B96DF}.Release|Any CPU.Build.0 = Release|Any CPU
		{0DE6DEF0-25A0-1458-010E-2AC9C198D342}.Debug|Any CPU.ActiveCfg = Debug|Any CPU
		{0DE6DEF0-25A0-1458-010E-2AC9C198D342}.Debug|Any CPU.Build.0 = Debug|Any CPU
		{0DE6DEF0-25A0-1458-010E-2AC9C198D342}.Release|Any CPU.ActiveCfg = Release|Any CPU
		{0DE6DEF0-25A0-1458-010E-2AC9C198D342}.Release|Any CPU.Build.0 = Release|Any CPU
		{A5F1D74A-1553-8D67-C5D9-1458A7D28A36}.Debug|Any CPU.ActiveCfg = Debug|Any CPU
		{A5F1D74A-1553-8D67-C5D9-1458A7D28A36}.Debug|Any CPU.Build.0 = Debug|Any CPU
		{A5F1D74A-1553-8D67-C5D9-1458A7D28A36}.Release|Any CPU.ActiveCfg = Release|Any CPU
		{A5F1D74A-1553-8D67-C5D9-1458A7D28A36}.Release|Any CPU.Build.0 = Release|Any CPU
		{A8B44C56-A063-A0AB-BAAB-7A9C42A7D2F7}.Debug|Any CPU.ActiveCfg = Debug|Any CPU
		{A8B44C56-A063-A0AB-BAAB-7A9C42A7D2F7}.Debug|Any CPU.Build.0 = Debug|Any CPU
		{A8B44C56-A063-A0AB-BAAB-7A9C42A7D2F7}.Release|Any CPU.ActiveCfg = Release|Any CPU
		{A8B44C56-A063-A0AB-BAAB-7A9C42A7D2F7}.Release|Any CPU.Build.0 = Release|Any CPU
		{DCBE0B5E-5EAD-C2F3-0CB2-1D63F16EC9C7}.Debug|Any CPU.ActiveCfg = Debug|Any CPU
		{DCBE0B5E-5EAD-C2F3-0CB2-1D63F16EC9C7}.Debug|Any CPU.Build.0 = Debug|Any CPU
		{DCBE0B5E-5EAD-C2F3-0CB2-1D63F16EC9C7}.Release|Any CPU.ActiveCfg = Release|Any CPU
		{DCBE0B5E-5EAD-C2F3-0CB2-1D63F16EC9C7}.Release|Any CPU.Build.0 = Release|Any CPU
		{61832A4C-C73D-3E81-1184-B321F91E8B32}.Debug|Any CPU.ActiveCfg = Debug|Any CPU
		{61832A4C-C73D-3E81-1184-B321F91E8B32}.Debug|Any CPU.Build.0 = Debug|Any CPU
		{61832A4C-C73D-3E81-1184-B321F91E8B32}.Release|Any CPU.ActiveCfg = Release|Any CPU
		{61832A4C-C73D-3E81-1184-B321F91E8B32}.Release|Any CPU.Build.0 = Release|Any CPU
		{49E9850F-73D8-012E-7420-FB1330E2E027}.Debug|Any CPU.ActiveCfg = Debug|Any CPU
		{49E9850F-73D8-012E-7420-FB1330E2E027}.Debug|Any CPU.Build.0 = Debug|Any CPU
		{49E9850F-73D8-012E-7420-FB1330E2E027}.Release|Any CPU.ActiveCfg = Release|Any CPU
		{49E9850F-73D8-012E-7420-FB1330E2E027}.Release|Any CPU.Build.0 = Release|Any CPU
		{182E83BF-6C16-145E-45BF-FD1A5314D102}.Debug|Any CPU.ActiveCfg = Debug|Any CPU
		{182E83BF-6C16-145E-45BF-FD1A5314D102}.Debug|Any CPU.Build.0 = Debug|Any CPU
		{182E83BF-6C16-145E-45BF-FD1A5314D102}.Release|Any CPU.ActiveCfg = Release|Any CPU
		{182E83BF-6C16-145E-45BF-FD1A5314D102}.Release|Any CPU.Build.0 = Release|Any CPU
		{A6587BC6-3278-F16D-0939-FFA7A1B69C61}.Debug|Any CPU.ActiveCfg = Debug|Any CPU
		{A6587BC6-3278-F16D-0939-FFA7A1B69C61}.Debug|Any CPU.Build.0 = Debug|Any CPU
		{A6587BC6-3278-F16D-0939-FFA7A1B69C61}.Release|Any CPU.ActiveCfg = Release|Any CPU
		{A6587BC6-3278-F16D-0939-FFA7A1B69C61}.Release|Any CPU.Build.0 = Release|Any CPU
		{E160E8D2-2E56-20C0-87F6-0A46038EEDF4}.Debug|Any CPU.ActiveCfg = Debug|Any CPU
		{E160E8D2-2E56-20C0-87F6-0A46038EEDF4}.Debug|Any CPU.Build.0 = Debug|Any CPU
		{E160E8D2-2E56-20C0-87F6-0A46038EEDF4}.Release|Any CPU.ActiveCfg = Release|Any CPU
		{E160E8D2-2E56-20C0-87F6-0A46038EEDF4}.Release|Any CPU.Build.0 = Release|Any CPU
		{9EC56CB6-3C3D-A318-84DD-965C458805BC}.Debug|Any CPU.ActiveCfg = Debug|Any CPU
		{9EC56CB6-3C3D-A318-84DD-965C458805BC}.Debug|Any CPU.Build.0 = Debug|Any CPU
		{9EC56CB6-3C3D-A318-84DD-965C458805BC}.Release|Any CPU.ActiveCfg = Release|Any CPU
		{9EC56CB6-3C3D-A318-84DD-965C458805BC}.Release|Any CPU.Build.0 = Release|Any CPU
		{355ED7CE-3D34-80E0-C623-68CC5F63B5A0}.Debug|Any CPU.ActiveCfg = Debug|Any CPU
		{355ED7CE-3D34-80E0-C623-68CC5F63B5A0}.Debug|Any CPU.Build.0 = Debug|Any CPU
		{355ED7CE-3D34-80E0-C623-68CC5F63B5A0}.Release|Any CPU.ActiveCfg = Release|Any CPU
		{355ED7CE-3D34-80E0-C623-68CC5F63B5A0}.Release|Any CPU.Build.0 = Release|Any CPU
		{A685E0AF-29E2-E825-85C0-EEE69C232595}.Debug|Any CPU.ActiveCfg = Debug|Any CPU
		{A685E0AF-29E2-E825-85C0-EEE69C232595}.Debug|Any CPU.Build.0 = Debug|Any CPU
		{A685E0AF-29E2-E825-85C0-EEE69C232595}.Release|Any CPU.ActiveCfg = Release|Any CPU
		{A685E0AF-29E2-E825-85C0-EEE69C232595}.Release|Any CPU.Build.0 = Release|Any CPU
		{B5F4341C-1BA7-54D4-E81A-643D5E14D6EB}.Debug|Any CPU.ActiveCfg = Debug|Any CPU
		{B5F4341C-1BA7-54D4-E81A-643D5E14D6EB}.Debug|Any CPU.Build.0 = Debug|Any CPU
		{B5F4341C-1BA7-54D4-E81A-643D5E14D6EB}.Release|Any CPU.ActiveCfg = Release|Any CPU
		{B5F4341C-1BA7-54D4-E81A-643D5E14D6EB}.Release|Any CPU.Build.0 = Release|Any CPU
		{D7E19710-1B9E-D8EA-AFCD-2AB0D06926B2}.Debug|Any CPU.ActiveCfg = Debug|Any CPU
		{D7E19710-1B9E-D8EA-AFCD-2AB0D06926B2}.Debug|Any CPU.Build.0 = Debug|Any CPU
		{D7E19710-1B9E-D8EA-AFCD-2AB0D06926B2}.Release|Any CPU.ActiveCfg = Release|Any CPU
		{D7E19710-1B9E-D8EA-AFCD-2AB0D06926B2}.Release|Any CPU.Build.0 = Release|Any CPU
		{31D12E91-BD0A-354B-C509-9B314A7CA6A8}.Debug|Any CPU.ActiveCfg = Debug|Any CPU
		{31D12E91-BD0A-354B-C509-9B314A7CA6A8}.Debug|Any CPU.Build.0 = Debug|Any CPU
		{31D12E91-BD0A-354B-C509-9B314A7CA6A8}.Release|Any CPU.ActiveCfg = Release|Any CPU
		{31D12E91-BD0A-354B-C509-9B314A7CA6A8}.Release|Any CPU.Build.0 = Release|Any CPU
		{533B61E6-F407-BE5A-F15C-738A684313FD}.Debug|Any CPU.ActiveCfg = Debug|Any CPU
		{533B61E6-F407-BE5A-F15C-738A684313FD}.Debug|Any CPU.Build.0 = Debug|Any CPU
		{533B61E6-F407-BE5A-F15C-738A684313FD}.Release|Any CPU.ActiveCfg = Release|Any CPU
		{533B61E6-F407-BE5A-F15C-738A684313FD}.Release|Any CPU.Build.0 = Release|Any CPU
		{72255BF2-671D-48FD-67BC-F1E67D6B37A0}.Debug|Any CPU.ActiveCfg = Debug|Any CPU
		{72255BF2-671D-48FD-67BC-F1E67D6B37A0}.Debug|Any CPU.Build.0 = Debug|Any CPU
		{72255BF2-671D-48FD-67BC-F1E67D6B37A0}.Release|Any CPU.ActiveCfg = Release|Any CPU
		{72255BF2-671D-48FD-67BC-F1E67D6B37A0}.Release|Any CPU.Build.0 = Release|Any CPU
		{D93F88D4-0C29-536E-7EF0-5BAF91D2CA85}.Debug|Any CPU.ActiveCfg = Debug|Any CPU
		{D93F88D4-0C29-536E-7EF0-5BAF91D2CA85}.Debug|Any CPU.Build.0 = Debug|Any CPU
		{D93F88D4-0C29-536E-7EF0-5BAF91D2CA85}.Release|Any CPU.ActiveCfg = Release|Any CPU
		{D93F88D4-0C29-536E-7EF0-5BAF91D2CA85}.Release|Any CPU.Build.0 = Release|Any CPU
		{0433842E-55E1-2457-D8C0-09075B3A78F9}.Debug|Any CPU.ActiveCfg = Debug|Any CPU
		{0433842E-55E1-2457-D8C0-09075B3A78F9}.Debug|Any CPU.Build.0 = Debug|Any CPU
		{0433842E-55E1-2457-D8C0-09075B3A78F9}.Release|Any CPU.ActiveCfg = Release|Any CPU
		{0433842E-55E1-2457-D8C0-09075B3A78F9}.Release|Any CPU.Build.0 = Release|Any CPU
		{6009D393-7A2B-2E42-81F9-85E1112D0C2F}.Debug|Any CPU.ActiveCfg = Debug|Any CPU
		{6009D393-7A2B-2E42-81F9-85E1112D0C2F}.Debug|Any CPU.Build.0 = Debug|Any CPU
		{6009D393-7A2B-2E42-81F9-85E1112D0C2F}.Release|Any CPU.ActiveCfg = Release|Any CPU
		{6009D393-7A2B-2E42-81F9-85E1112D0C2F}.Release|Any CPU.Build.0 = Release|Any CPU
		{930D3490-EAE6-365A-E1FB-FA799E283EA4}.Debug|Any CPU.ActiveCfg = Debug|Any CPU
		{930D3490-EAE6-365A-E1FB-FA799E283EA4}.Debug|Any CPU.Build.0 = Debug|Any CPU
		{930D3490-EAE6-365A-E1FB-FA799E283EA4}.Release|Any CPU.ActiveCfg = Release|Any CPU
		{930D3490-EAE6-365A-E1FB-FA799E283EA4}.Release|Any CPU.Build.0 = Release|Any CPU
		{A50BCC4E-BAB5-7EFF-79B8-557CC3B69C11}.Debug|Any CPU.ActiveCfg = Debug|Any CPU
		{A50BCC4E-BAB5-7EFF-79B8-557CC3B69C11}.Debug|Any CPU.Build.0 = Debug|Any CPU
		{A50BCC4E-BAB5-7EFF-79B8-557CC3B69C11}.Release|Any CPU.ActiveCfg = Release|Any CPU
		{A50BCC4E-BAB5-7EFF-79B8-557CC3B69C11}.Release|Any CPU.Build.0 = Release|Any CPU
		{FEE5FCB2-347B-813E-AF7F-2AAD0213064F}.Debug|Any CPU.ActiveCfg = Debug|Any CPU
		{FEE5FCB2-347B-813E-AF7F-2AAD0213064F}.Debug|Any CPU.Build.0 = Debug|Any CPU
		{FEE5FCB2-347B-813E-AF7F-2AAD0213064F}.Release|Any CPU.ActiveCfg = Release|Any CPU
		{FEE5FCB2-347B-813E-AF7F-2AAD0213064F}.Release|Any CPU.Build.0 = Release|Any CPU
		{D2138098-DF9B-7714-46E5-0871F80A4729}.Debug|Any CPU.ActiveCfg = Debug|Any CPU
		{D2138098-DF9B-7714-46E5-0871F80A4729}.Debug|Any CPU.Build.0 = Debug|Any CPU
		{D2138098-DF9B-7714-46E5-0871F80A4729}.Release|Any CPU.ActiveCfg = Release|Any CPU
		{D2138098-DF9B-7714-46E5-0871F80A4729}.Release|Any CPU.Build.0 = Release|Any CPU
		{B22E9974-1FAC-491F-35F8-21076D030641}.Debug|Any CPU.ActiveCfg = Debug|Any CPU
		{B22E9974-1FAC-491F-35F8-21076D030641}.Debug|Any CPU.Build.0 = Debug|Any CPU
		{B22E9974-1FAC-491F-35F8-21076D030641}.Release|Any CPU.ActiveCfg = Release|Any CPU
		{B22E9974-1FAC-491F-35F8-21076D030641}.Release|Any CPU.Build.0 = Release|Any CPU
		{746AEFCC-5AB2-AD04-9471-1284B5729FEE}.Debug|Any CPU.ActiveCfg = Debug|Any CPU
		{746AEFCC-5AB2-AD04-9471-1284B5729FEE}.Debug|Any CPU.Build.0 = Debug|Any CPU
		{746AEFCC-5AB2-AD04-9471-1284B5729FEE}.Release|Any CPU.ActiveCfg = Release|Any CPU
		{746AEFCC-5AB2-AD04-9471-1284B5729FEE}.Release|Any CPU.Build.0 = Release|Any CPU
		{75434DEB-0580-5039-8119-3AEEDCBCF82E}.Debug|Any CPU.ActiveCfg = Debug|Any CPU
		{75434DEB-0580-5039-8119-3AEEDCBCF82E}.Debug|Any CPU.Build.0 = Debug|Any CPU
		{75434DEB-0580-5039-8119-3AEEDCBCF82E}.Release|Any CPU.ActiveCfg = Release|Any CPU
		{75434DEB-0580-5039-8119-3AEEDCBCF82E}.Release|Any CPU.Build.0 = Release|Any CPU
		{EC29F888-D37D-3814-0B21-0AD524CF3CAB}.Debug|Any CPU.ActiveCfg = Debug|Any CPU
		{EC29F888-D37D-3814-0B21-0AD524CF3CAB}.Debug|Any CPU.Build.0 = Debug|Any CPU
		{EC29F888-D37D-3814-0B21-0AD524CF3CAB}.Release|Any CPU.ActiveCfg = Release|Any CPU
		{EC29F888-D37D-3814-0B21-0AD524CF3CAB}.Release|Any CPU.Build.0 = Release|Any CPU
		{B7D38FE4-796B-5C51-5FA8-757DE007D0CD}.Debug|Any CPU.ActiveCfg = Debug|Any CPU
		{B7D38FE4-796B-5C51-5FA8-757DE007D0CD}.Debug|Any CPU.Build.0 = Debug|Any CPU
		{B7D38FE4-796B-5C51-5FA8-757DE007D0CD}.Release|Any CPU.ActiveCfg = Release|Any CPU
		{B7D38FE4-796B-5C51-5FA8-757DE007D0CD}.Release|Any CPU.Build.0 = Release|Any CPU
		{8F978050-A4D3-879B-4E34-0D99BA337AB1}.Debug|Any CPU.ActiveCfg = Debug|Any CPU
		{8F978050-A4D3-879B-4E34-0D99BA337AB1}.Debug|Any CPU.Build.0 = Debug|Any CPU
		{8F978050-A4D3-879B-4E34-0D99BA337AB1}.Release|Any CPU.ActiveCfg = Release|Any CPU
		{8F978050-A4D3-879B-4E34-0D99BA337AB1}.Release|Any CPU.Build.0 = Release|Any CPU
		{4A687B98-27CA-9582-72BC-F4B00725A3B8}.Debug|Any CPU.ActiveCfg = Debug|Any CPU
		{4A687B98-27CA-9582-72BC-F4B00725A3B8}.Debug|Any CPU.Build.0 = Debug|Any CPU
		{4A687B98-27CA-9582-72BC-F4B00725A3B8}.Release|Any CPU.ActiveCfg = Release|Any CPU
		{4A687B98-27CA-9582-72BC-F4B00725A3B8}.Release|Any CPU.Build.0 = Release|Any CPU
		{D5F3FE33-322F-6A12-A849-776F2CE361F5}.Debug|Any CPU.ActiveCfg = Debug|Any CPU
		{D5F3FE33-322F-6A12-A849-776F2CE361F5}.Debug|Any CPU.Build.0 = Debug|Any CPU
		{D5F3FE33-322F-6A12-A849-776F2CE361F5}.Release|Any CPU.ActiveCfg = Release|Any CPU
		{D5F3FE33-322F-6A12-A849-776F2CE361F5}.Release|Any CPU.Build.0 = Release|Any CPU
		{5FF8652A-419A-4AA4-90AD-13C3B70ED939}.Debug|Any CPU.ActiveCfg = Debug|Any CPU
		{5FF8652A-419A-4AA4-90AD-13C3B70ED939}.Debug|Any CPU.Build.0 = Debug|Any CPU
		{5FF8652A-419A-4AA4-90AD-13C3B70ED939}.Release|Any CPU.ActiveCfg = Release|Any CPU
		{5FF8652A-419A-4AA4-90AD-13C3B70ED939}.Release|Any CPU.Build.0 = Release|Any CPU
		{86A3A85C-E708-18BC-44AB-75420C9D13B0}.Debug|Any CPU.ActiveCfg = Debug|Any CPU
		{86A3A85C-E708-18BC-44AB-75420C9D13B0}.Debug|Any CPU.Build.0 = Debug|Any CPU
		{86A3A85C-E708-18BC-44AB-75420C9D13B0}.Release|Any CPU.ActiveCfg = Release|Any CPU
		{86A3A85C-E708-18BC-44AB-75420C9D13B0}.Release|Any CPU.Build.0 = Release|Any CPU
		{B7EB6489-38F9-E0CA-772C-8D3649654286}.Debug|Any CPU.ActiveCfg = Debug|Any CPU
		{B7EB6489-38F9-E0CA-772C-8D3649654286}.Debug|Any CPU.Build.0 = Debug|Any CPU
		{B7EB6489-38F9-E0CA-772C-8D3649654286}.Release|Any CPU.ActiveCfg = Release|Any CPU
		{B7EB6489-38F9-E0CA-772C-8D3649654286}.Release|Any CPU.Build.0 = Release|Any CPU
		{00888D7E-4288-68EF-3047-E3256375916F}.Debug|Any CPU.ActiveCfg = Debug|Any CPU
		{00888D7E-4288-68EF-3047-E3256375916F}.Debug|Any CPU.Build.0 = Debug|Any CPU
		{00888D7E-4288-68EF-3047-E3256375916F}.Release|Any CPU.ActiveCfg = Release|Any CPU
		{00888D7E-4288-68EF-3047-E3256375916F}.Release|Any CPU.Build.0 = Release|Any CPU
		{0D86C5AE-6BC1-6F60-CADB-DFEFA2112322}.Debug|Any CPU.ActiveCfg = Debug|Any CPU
		{0D86C5AE-6BC1-6F60-CADB-DFEFA2112322}.Debug|Any CPU.Build.0 = Debug|Any CPU
		{0D86C5AE-6BC1-6F60-CADB-DFEFA2112322}.Release|Any CPU.ActiveCfg = Release|Any CPU
		{0D86C5AE-6BC1-6F60-CADB-DFEFA2112322}.Release|Any CPU.Build.0 = Release|Any CPU
	EndGlobalSection
	GlobalSection(SolutionProperties) = preSolution
		HideSolutionNode = FALSE
	EndGlobalSection
EndGlobal
