
Microsoft Visual Studio Solution File, Format Version 12.00
# Visual Studio 15
Project("{FAE04EC0-301F-11D3-BF4B-00C04F79EFBC}") = "UnityEngine.TestRunner", "UnityEngine.TestRunner.csproj", "{6EA84595-DF37-FC1C-3D64-629A18D94365}"
EndProject
Project("{FAE04EC0-301F-11D3-BF4B-00C04F79EFBC}") = "Unity.Timeline", "Unity.Timeline.csproj", "{CCB77A3C-D4A5-7F47-598B-6C2F0EE77DE1}"
EndProject
Project("{FAE04EC0-301F-11D3-BF4B-00C04F79EFBC}") = "UnityEngine.UI", "UnityEngine.UI.csproj", "{7EA9837A-AE23-6678-0625-8362E7EAB7B2}"
EndProject
Project("{FAE04EC0-301F-11D3-BF4B-00C04F79EFBC}") = "Unity.TextMeshPro", "Unity.TextMeshPro.csproj", "{E6808BB6-EFC3-8C8B-0A5D-7F2F3407C0F4}"
EndProject
Project("{FAE04EC0-301F-11D3-BF4B-00C04F79EFBC}") = "Assembly-CSharp", "Assembly-CSharp.csproj", "{040E05B0-1557-8D39-AD9B-3A7D5B562C31}"
EndProject
Project("{FAE04EC0-301F-11D3-BF4B-00C04F79EFBC}") = "UnityEditor.TestRunner", "UnityEditor.TestRunner.csproj", "{80666B31-F217-4C15-6D1D-DCFE14D4C700}"
EndProject
Project("{FAE04EC0-301F-11D3-BF4B-00C04F79EFBC}") = "Unity.PlasticSCM.Editor", "Unity.PlasticSCM.Editor.csproj", "{8D785339-5E68-FAC1-113D-EEA50C148517}"
EndProject
Project("{FAE04EC0-301F-11D3-BF4B-00C04F79EFBC}") = "UnityEditor.UI", "UnityEditor.UI.csproj", "{F739E41F-C690-599B-1D66-E474CD5E4C5A}"
EndProject
Project("{FAE04EC0-301F-11D3-BF4B-00C04F79EFBC}") = "Unity.Services.Core.Editor", "Unity.Services.Core.Editor.csproj", "{B3C5E2C2-65D4-3AF6-1509-8F51E7E45044}"
EndProject
Project("{FAE04EC0-301F-11D3-BF4B-00C04F79EFBC}") = "Unity.Timeline.Editor", "Unity.Timeline.Editor.csproj", "{8D89D760-DB92-7797-CCCC-37AD0A38B2D5}"
EndProject
Project("{FAE04EC0-301F-11D3-BF4B-00C04F79EFBC}") = "Unity.VisualStudio.Editor", "Unity.VisualStudio.Editor.csproj", "{B6E82D56-B99A-C198-62A6-BED14F30A8FA}"
EndProject
Project("{FAE04EC0-301F-11D3-BF4B-00C04F79EFBC}") = "Unity.TextMeshPro.Editor", "Unity.TextMeshPro.Editor.csproj", "{7072B21F-0F85-4D98-5D93-7BC260D73BDC}"
EndProject
Project("{FAE04EC0-301F-11D3-BF4B-00C04F79EFBC}") = "Unity.CollabProxy.Editor", "Unity.CollabProxy.Editor.csproj", "{C6D49221-64E8-6C5B-BBF0-6B936CE311DC}"
EndProject
Project("{FAE04EC0-301F-11D3-BF4B-00C04F79EFBC}") = "Unity.Rider.Editor", "Unity.Rider.Editor.csproj", "{DD6AC082-7AF6-FABF-A8CA-087E8D740858}"
EndProject
Project("{FAE04EC0-301F-11D3-BF4B-00C04F79EFBC}") = "Unity.VSCode.Editor", "Unity.VSCode.Editor.csproj", "{ED54E2D3-5045-EDB4-91FA-D604C1D906E7}"
EndProject
Project("{FAE04EC0-301F-11D3-BF4B-00C04F79EFBC}") = "UnityEngine.TestRunner", "UnityEngine.TestRunner.Player.csproj", "{18C3E72D-B9C4-C6CC-EED8-8BFA5110EF31}"
EndProject
Project("{FAE04EC0-301F-11D3-BF4B-00C04F79EFBC}") = "Unity.Timeline", "Unity.Timeline.Player.csproj", "{F39DB17A-AA08-1BF3-BA4E-A5B2D4E5646B}"
EndProject
Project("{FAE04EC0-301F-11D3-BF4B-00C04F79EFBC}") = "UnityEngine.UI", "UnityEngine.UI.Player.csproj", "{248982DE-930F-04FC-46CC-B912C27B9967}"
EndProject
Project("{FAE04EC0-301F-11D3-BF4B-00C04F79EFBC}") = "Unity.TextMeshPro", "Unity.TextMeshPro.Player.csproj", "{15D9CD94-B0E7-A5CE-2C5D-1132A9083562}"
EndProject
Project("{FAE04EC0-301F-11D3-BF4B-00C04F79EFBC}") = "Assembly-CSharp", "Assembly-CSharp.Player.csproj", "{78254162-857E-71D1-675F-613696ECD247}"
EndProject
Global
	GlobalSection(SolutionConfigurationPlatforms) = preSolution
		Debug|Any CPU = Debug|Any CPU
		Release|Any CPU = Release|Any CPU
	EndGlobalSection
	GlobalSection(ProjectConfigurationPlatforms) = postSolution
		{6EA84595-DF37-FC1C-3D64-629A18D94365}.Debug|Any CPU.ActiveCfg = Debug|Any CPU
		{6EA84595-DF37-FC1C-3D64-629A18D94365}.Debug|Any CPU.Build.0 = Debug|Any CPU
		{6EA84595-DF37-FC1C-3D64-629A18D94365}.Release|Any CPU.ActiveCfg = Release|Any CPU
		{6EA84595-DF37-FC1C-3D64-629A18D94365}.Release|Any CPU.Build.0 = Release|Any CPU
		{CCB77A3C-D4A5-7F47-598B-6C2F0EE77DE1}.Debug|Any CPU.ActiveCfg = Debug|Any CPU
		{CCB77A3C-D4A5-7F47-598B-6C2F0EE77DE1}.Debug|Any CPU.Build.0 = Debug|Any CPU
		{CCB77A3C-D4A5-7F47-598B-6C2F0EE77DE1}.Release|Any CPU.ActiveCfg = Release|Any CPU
		{CCB77A3C-D4A5-7F47-598B-6C2F0EE77DE1}.Release|Any CPU.Build.0 = Release|Any CPU
		{7EA9837A-AE23-6678-0625-8362E7EAB7B2}.Debug|Any CPU.ActiveCfg = Debug|Any CPU
		{7EA9837A-AE23-6678-0625-8362E7EAB7B2}.Debug|Any CPU.Build.0 = Debug|Any CPU
		{7EA9837A-AE23-6678-0625-8362E7EAB7B2}.Release|Any CPU.ActiveCfg = Release|Any CPU
		{7EA9837A-AE23-6678-0625-8362E7EAB7B2}.Release|Any CPU.Build.0 = Release|Any CPU
		{E6808BB6-EFC3-8C8B-0A5D-7F2F3407C0F4}.Debug|Any CPU.ActiveCfg = Debug|Any CPU
		{E6808BB6-EFC3-8C8B-0A5D-7F2F3407C0F4}.Debug|Any CPU.Build.0 = Debug|Any CPU
		{E6808BB6-EFC3-8C8B-0A5D-7F2F3407C0F4}.Release|Any CPU.ActiveCfg = Release|Any CPU
		{E6808BB6-EFC3-8C8B-0A5D-7F2F3407C0F4}.Release|Any CPU.Build.0 = Release|Any CPU
		{040E05B0-1557-8D39-AD9B-3A7D5B562C31}.Debug|Any CPU.ActiveCfg = Debug|Any CPU
		{040E05B0-1557-8D39-AD9B-3A7D5B562C31}.Debug|Any CPU.Build.0 = Debug|Any CPU
		{040E05B0-1557-8D39-AD9B-3A7D5B562C31}.Release|Any CPU.ActiveCfg = Release|Any CPU
		{040E05B0-1557-8D39-AD9B-3A7D5B562C31}.Release|Any CPU.Build.0 = Release|Any CPU
		{80666B31-F217-4C15-6D1D-DCFE14D4C700}.Debug|Any CPU.ActiveCfg = Debug|Any CPU
		{80666B31-F217-4C15-6D1D-DCFE14D4C700}.Debug|Any CPU.Build.0 = Debug|Any CPU
		{80666B31-F217-4C15-6D1D-DCFE14D4C700}.Release|Any CPU.ActiveCfg = Release|Any CPU
		{80666B31-F217-4C15-6D1D-DCFE14D4C700}.Release|Any CPU.Build.0 = Release|Any CPU
		{8D785339-5E68-FAC1-113D-EEA50C148517}.Debug|Any CPU.ActiveCfg = Debug|Any CPU
		{8D785339-5E68-FAC1-113D-EEA50C148517}.Debug|Any CPU.Build.0 = Debug|Any CPU
		{8D785339-5E68-FAC1-113D-EEA50C148517}.Release|Any CPU.ActiveCfg = Release|Any CPU
		{8D785339-5E68-FAC1-113D-EEA50C148517}.Release|Any CPU.Build.0 = Release|Any CPU
		{F739E41F-C690-599B-1D66-E474CD5E4C5A}.Debug|Any CPU.ActiveCfg = Debug|Any CPU
		{F739E41F-C690-599B-1D66-E474CD5E4C5A}.Debug|Any CPU.Build.0 = Debug|Any CPU
		{F739E41F-C690-599B-1D66-E474CD5E4C5A}.Release|Any CPU.ActiveCfg = Release|Any CPU
		{F739E41F-C690-599B-1D66-E474CD5E4C5A}.Release|Any CPU.Build.0 = Release|Any CPU
		{B3C5E2C2-65D4-3AF6-1509-8F51E7E45044}.Debug|Any CPU.ActiveCfg = Debug|Any CPU
		{B3C5E2C2-65D4-3AF6-1509-8F51E7E45044}.Debug|Any CPU.Build.0 = Debug|Any CPU
		{B3C5E2C2-65D4-3AF6-1509-8F51E7E45044}.Release|Any CPU.ActiveCfg = Release|Any CPU
		{B3C5E2C2-65D4-3AF6-1509-8F51E7E45044}.Release|Any CPU.Build.0 = Release|Any CPU
		{8D89D760-DB92-7797-CCCC-37AD0A38B2D5}.Debug|Any CPU.ActiveCfg = Debug|Any CPU
		{8D89D760-DB92-7797-CCCC-37AD0A38B2D5}.Debug|Any CPU.Build.0 = Debug|Any CPU
		{8D89D760-DB92-7797-CCCC-37AD0A38B2D5}.Release|Any CPU.ActiveCfg = Release|Any CPU
		{8D89D760-DB92-7797-CCCC-37AD0A38B2D5}.Release|Any CPU.Build.0 = Release|Any CPU
		{B6E82D56-B99A-C198-62A6-BED14F30A8FA}.Debug|Any CPU.ActiveCfg = Debug|Any CPU
		{B6E82D56-B99A-C198-62A6-BED14F30A8FA}.Debug|Any CPU.Build.0 = Debug|Any CPU
		{B6E82D56-B99A-C198-62A6-BED14F30A8FA}.Release|Any CPU.ActiveCfg = Release|Any CPU
		{B6E82D56-B99A-C198-62A6-BED14F30A8FA}.Release|Any CPU.Build.0 = Release|Any CPU
		{7072B21F-0F85-4D98-5D93-7BC260D73BDC}.Debug|Any CPU.ActiveCfg = Debug|Any CPU
		{7072B21F-0F85-4D98-5D93-7BC260D73BDC}.Debug|Any CPU.Build.0 = Debug|Any CPU
		{7072B21F-0F85-4D98-5D93-7BC260D73BDC}.Release|Any CPU.ActiveCfg = Release|Any CPU
		{7072B21F-0F85-4D98-5D93-7BC260D73BDC}.Release|Any CPU.Build.0 = Release|Any CPU
		{C6D49221-64E8-6C5B-BBF0-6B936CE311DC}.Debug|Any CPU.ActiveCfg = Debug|Any CPU
		{C6D49221-64E8-6C5B-BBF0-6B936CE311DC}.Debug|Any CPU.Build.0 = Debug|Any CPU
		{C6D49221-64E8-6C5B-BBF0-6B936CE311DC}.Release|Any CPU.ActiveCfg = Release|Any CPU
		{C6D49221-64E8-6C5B-BBF0-6B936CE311DC}.Release|Any CPU.Build.0 = Release|Any CPU
		{DD6AC082-7AF6-FABF-A8CA-087E8D740858}.Debug|Any CPU.ActiveCfg = Debug|Any CPU
		{DD6AC082-7AF6-FABF-A8CA-087E8D740858}.Debug|Any CPU.Build.0 = Debug|Any CPU
		{DD6AC082-7AF6-FABF-A8CA-087E8D740858}.Release|Any CPU.ActiveCfg = Release|Any CPU
		{DD6AC082-7AF6-FABF-A8CA-087E8D740858}.Release|Any CPU.Build.0 = Release|Any CPU
		{ED54E2D3-5045-EDB4-91FA-D604C1D906E7}.Debug|Any CPU.ActiveCfg = Debug|Any CPU
		{ED54E2D3-5045-EDB4-91FA-D604C1D906E7}.Debug|Any CPU.Build.0 = Debug|Any CPU
		{ED54E2D3-5045-EDB4-91FA-D604C1D906E7}.Release|Any CPU.ActiveCfg = Release|Any CPU
		{ED54E2D3-5045-EDB4-91FA-D604C1D906E7}.Release|Any CPU.Build.0 = Release|Any CPU
		{18C3E72D-B9C4-C6CC-EED8-8BFA5110EF31}.Debug|Any CPU.ActiveCfg = Debug|Any CPU
		{18C3E72D-B9C4-C6CC-EED8-8BFA5110EF31}.Debug|Any CPU.Build.0 = Debug|Any CPU
		{18C3E72D-B9C4-C6CC-EED8-8BFA5110EF31}.Release|Any CPU.ActiveCfg = Release|Any CPU
		{18C3E72D-B9C4-C6CC-EED8-8BFA5110EF31}.Release|Any CPU.Build.0 = Release|Any CPU
		{F39DB17A-AA08-1BF3-BA4E-A5B2D4E5646B}.Debug|Any CPU.ActiveCfg = Debug|Any CPU
		{F39DB17A-AA08-1BF3-BA4E-A5B2D4E5646B}.Debug|Any CPU.Build.0 = Debug|Any CPU
		{F39DB17A-AA08-1BF3-BA4E-A5B2D4E5646B}.Release|Any CPU.ActiveCfg = Release|Any CPU
		{F39DB17A-AA08-1BF3-BA4E-A5B2D4E5646B}.Release|Any CPU.Build.0 = Release|Any CPU
		{248982DE-930F-04FC-46CC-B912C27B9967}.Debug|Any CPU.ActiveCfg = Debug|Any CPU
		{248982DE-930F-04FC-46CC-B912C27B9967}.Debug|Any CPU.Build.0 = Debug|Any CPU
		{248982DE-930F-04FC-46CC-B912C27B9967}.Release|Any CPU.ActiveCfg = Release|Any CPU
		{248982DE-930F-04FC-46CC-B912C27B9967}.Release|Any CPU.Build.0 = Release|Any CPU
		{15D9CD94-B0E7-A5CE-2C5D-1132A9083562}.Debug|Any CPU.ActiveCfg = Debug|Any CPU
		{15D9CD94-B0E7-A5CE-2C5D-1132A9083562}.Debug|Any CPU.Build.0 = Debug|Any CPU
		{15D9CD94-B0E7-A5CE-2C5D-1132A9083562}.Release|Any CPU.ActiveCfg = Release|Any CPU
		{15D9CD94-B0E7-A5CE-2C5D-1132A9083562}.Release|Any CPU.Build.0 = Release|Any CPU
		{78254162-857E-71D1-675F-613696ECD247}.Debug|Any CPU.ActiveCfg = Debug|Any CPU
		{78254162-857E-71D1-675F-613696ECD247}.Debug|Any CPU.Build.0 = Debug|Any CPU
		{78254162-857E-71D1-675F-613696ECD247}.Release|Any CPU.ActiveCfg = Release|Any CPU
		{78254162-857E-71D1-675F-613696ECD247}.Release|Any CPU.Build.0 = Release|Any CPU
	EndGlobalSection
	GlobalSection(SolutionProperties) = preSolution
		HideSolutionNode = FALSE
	EndGlobalSection
EndGlobal
