
Microsoft Visual Studio Solution File, Format Version 12.00
# Visual Studio 15
Project("{FAE04EC0-301F-11D3-BF4B-00C04F79EFBC}") = "UnityEngine.UI", "UnityEngine.UI.csproj", "{63C57B99-F01F-4253-D135-5B8F89FA0C83}"
EndProject
Project("{FAE04EC0-301F-11D3-BF4B-00C04F79EFBC}") = "UnityEngine.TestRunner", "UnityEngine.TestRunner.csproj", "{8ECB4373-5B77-7743-6F87-A994AA45D4BE}"
EndProject
Project("{FAE04EC0-301F-11D3-BF4B-00C04F79EFBC}") = "Unity.Mathematics", "Unity.Mathematics.csproj", "{58279356-0AD4-CB37-63EA-EF0F689D1185}"
EndProject
Project("{FAE04EC0-301F-11D3-BF4B-00C04F79EFBC}") = "Unity.Timeline", "Unity.Timeline.csproj", "{8141B58D-AFA9-58E6-9DC2-EAC409CC57E5}"
EndProject
Project("{FAE04EC0-301F-11D3-BF4B-00C04F79EFBC}") = "Unity.TextMeshPro", "Unity.TextMeshPro.csproj", "{4B5FD380-0803-293C-1E97-1B4D06F96BE7}"
EndProject
Project("{FAE04EC0-301F-11D3-BF4B-00C04F79EFBC}") = "Unity.2D.Animation.Runtime", "Unity.2D.Animation.Runtime.csproj", "{FB76C696-D0BB-8861-4FC0-9DDEF5095C33}"
EndProject
Project("{FAE04EC0-301F-11D3-BF4B-00C04F79EFBC}") = "Unity.2D.IK.Runtime", "Unity.2D.IK.Runtime.csproj", "{E3E13E91-D54E-B9F2-0557-E6AB1FE26698}"
EndProject
Project("{FAE04EC0-301F-11D3-BF4B-00C04F79EFBC}") = "Unity.2D.SpriteShape.Runtime", "Unity.2D.SpriteShape.Runtime.csproj", "{1039D424-3C31-2B2D-3C12-7A181106B42A}"
EndProject
Project("{FAE04EC0-301F-11D3-BF4B-00C04F79EFBC}") = "Unity.2D.PixelPerfect", "Unity.2D.PixelPerfect.csproj", "{ADDF9067-E8E1-0A24-8FB8-F01AE11A9181}"
EndProject
Project("{FAE04EC0-301F-11D3-BF4B-00C04F79EFBC}") = "Unity.2D.Common.Runtime", "Unity.2D.Common.Runtime.csproj", "{1B4B2AA4-EBC6-666F-A71A-06A4FE38A02B}"
EndProject
Project("{FAE04EC0-301F-11D3-BF4B-00C04F79EFBC}") = "Unity.InternalAPIEngineBridge.001", "Unity.InternalAPIEngineBridge.001.csproj", "{97100555-C956-8D7C-E24D-29158EE50669}"
EndProject
Project("{FAE04EC0-301F-11D3-BF4B-00C04F79EFBC}") = "UnityEditor.TestRunner", "UnityEditor.TestRunner.csproj", "{EBC285F9-50B8-6F5F-D324-EA155CED38D4}"
EndProject
Project("{FAE04EC0-301F-11D3-BF4B-00C04F79EFBC}") = "Unity.PlasticSCM.Editor", "Unity.PlasticSCM.Editor.csproj", "{538ECAD7-5F06-F300-3A2F-562BB54280DE}"
EndProject
Project("{FAE04EC0-301F-11D3-BF4B-00C04F79EFBC}") = "Unity.2D.Animation.Triangle.Editor", "Unity.2D.Animation.Triangle.Editor.csproj", "{5A1C993B-C6C5-E636-FE6A-ED7A3D29F396}"
EndProject
Project("{FAE04EC0-301F-11D3-BF4B-00C04F79EFBC}") = "UnityEditor.UI", "UnityEditor.UI.csproj", "{05A509AB-9FCE-C598-9687-36DC3F36C09B}"
EndProject
Project("{FAE04EC0-301F-11D3-BF4B-00C04F79EFBC}") = "Unity.Services.Core.Editor", "Unity.Services.Core.Editor.csproj", "{82EC0FA9-F389-B17B-1F8A-A8BEE372C676}"
EndProject
Project("{FAE04EC0-301F-11D3-BF4B-00C04F79EFBC}") = "Unity.Timeline.Editor", "Unity.Timeline.Editor.csproj", "{BC854C0B-4721-1654-F93B-1D5F011E11B8}"
EndProject
Project("{FAE04EC0-301F-11D3-BF4B-00C04F79EFBC}") = "Unity.VisualStudio.Editor", "Unity.VisualStudio.Editor.csproj", "{4A6765E5-A5BF-AAF2-E8D6-BE9254B3BFA2}"
EndProject
Project("{FAE04EC0-301F-11D3-BF4B-00C04F79EFBC}") = "Unity.2D.Psdimporter.Editor", "Unity.2D.Psdimporter.Editor.csproj", "{0E1E281F-8439-9F7B-F22A-8E055F182302}"
EndProject
Project("{FAE04EC0-301F-11D3-BF4B-00C04F79EFBC}") = "Unity.2D.Animation.Editor", "Unity.2D.Animation.Editor.csproj", "{C47408E7-D511-3CF6-80A6-97F3CF0ADD75}"
EndProject
Project("{FAE04EC0-301F-11D3-BF4B-00C04F79EFBC}") = "Unity.TextMeshPro.Editor", "Unity.TextMeshPro.Editor.csproj", "{A624566E-C895-30F1-1C32-2FC003619518}"
EndProject
Project("{FAE04EC0-301F-11D3-BF4B-00C04F79EFBC}") = "Unity.2D.SpriteShape.Editor", "Unity.2D.SpriteShape.Editor.csproj", "{EF589DB6-F754-91C6-19E2-AEB8EA09465E}"
EndProject
Project("{FAE04EC0-301F-11D3-BF4B-00C04F79EFBC}") = "Unity.CollabProxy.Editor", "Unity.CollabProxy.Editor.csproj", "{7A116595-754E-5AD3-B946-70252586378F}"
EndProject
Project("{FAE04EC0-301F-11D3-BF4B-00C04F79EFBC}") = "PsdPlugin", "PsdPlugin.csproj", "{6DB7C549-6146-2E6C-037E-D41E0BD66E1A}"
EndProject
Project("{FAE04EC0-301F-11D3-BF4B-00C04F79EFBC}") = "Unity.2D.Path.Editor", "Unity.2D.Path.Editor.csproj", "{C0F7DAD2-300B-54F7-B7EF-F0E792132550}"
EndProject
Project("{FAE04EC0-301F-11D3-BF4B-00C04F79EFBC}") = "Unity.Rider.Editor", "Unity.Rider.Editor.csproj", "{93DC70DD-FEC5-6870-C61A-C4920F7723F3}"
EndProject
Project("{FAE04EC0-301F-11D3-BF4B-00C04F79EFBC}") = "Unity.2D.IK.Editor", "Unity.2D.IK.Editor.csproj", "{94827A4D-B6A5-02F2-6352-D07961994CAA}"
EndProject
Project("{FAE04EC0-301F-11D3-BF4B-00C04F79EFBC}") = "Unity.2D.Sprite.Editor", "Unity.2D.Sprite.Editor.csproj", "{55DD2542-D585-1616-0BF5-B8179CD501EB}"
EndProject
Project("{FAE04EC0-301F-11D3-BF4B-00C04F79EFBC}") = "Unity.2D.Tilemap.Editor", "Unity.2D.Tilemap.Editor.csproj", "{E19FBF46-E0B3-7CF6-FABC-5079AC1E0F3E}"
EndProject
Project("{FAE04EC0-301F-11D3-BF4B-00C04F79EFBC}") = "Unity.2D.PixelPerfect.Editor", "Unity.2D.PixelPerfect.Editor.csproj", "{4BDEA410-6C63-E5D1-F5C7-004AFE97288A}"
EndProject
Project("{FAE04EC0-301F-11D3-BF4B-00C04F79EFBC}") = "Unity.VSCode.Editor", "Unity.VSCode.Editor.csproj", "{F57DF496-24F3-B1AD-6D91-3907261F6823}"
EndProject
Project("{FAE04EC0-301F-11D3-BF4B-00C04F79EFBC}") = "Unity.2D.Common.Editor", "Unity.2D.Common.Editor.csproj", "{732325BB-E778-7476-21FD-21A7FB0DDC8C}"
EndProject
Project("{FAE04EC0-301F-11D3-BF4B-00C04F79EFBC}") = "Unity.Mathematics.Editor", "Unity.Mathematics.Editor.csproj", "{9320C980-91DE-65FE-1DD9-7C615BB8A4A4}"
EndProject
Project("{FAE04EC0-301F-11D3-BF4B-00C04F79EFBC}") = "Unity.InternalAPIEditorBridge.001", "Unity.InternalAPIEditorBridge.001.csproj", "{9B744A1A-4611-005E-808A-8FADBD52DEBA}"
EndProject
Project("{FAE04EC0-301F-11D3-BF4B-00C04F79EFBC}") = "UnityEngine.UI", "UnityEngine.UI.Player.csproj", "{B0507D85-0536-CA78-2D8E-11879742DC67}"
EndProject
Project("{FAE04EC0-301F-11D3-BF4B-00C04F79EFBC}") = "UnityEngine.TestRunner", "UnityEngine.TestRunner.Player.csproj", "{10354368-764B-6B9D-45E7-FAA26E5D1D86}"
EndProject
Project("{FAE04EC0-301F-11D3-BF4B-00C04F79EFBC}") = "Unity.Mathematics", "Unity.Mathematics.Player.csproj", "{DC2CEA85-06B5-4612-A5B0-380B171187A9}"
EndProject
Project("{FAE04EC0-301F-11D3-BF4B-00C04F79EFBC}") = "Unity.Timeline", "Unity.Timeline.Player.csproj", "{0EBA965E-E7CB-F1E7-69BB-343E0E0C1782}"
EndProject
Project("{FAE04EC0-301F-11D3-BF4B-00C04F79EFBC}") = "Unity.TextMeshPro", "Unity.TextMeshPro.Player.csproj", "{F09376B2-D49B-F88A-2CC4-EEF302B94222}"
EndProject
Project("{FAE04EC0-301F-11D3-BF4B-00C04F79EFBC}") = "Unity.2D.Animation.Runtime", "Unity.2D.Animation.Runtime.Player.csproj", "{4BA4354F-B2A2-7303-97E8-3D13983E19DE}"
EndProject
Project("{FAE04EC0-301F-11D3-BF4B-00C04F79EFBC}") = "Unity.2D.IK.Runtime", "Unity.2D.IK.Runtime.Player.csproj", "{D7F99620-D9B8-2BBD-BC55-CABCC43F82D0}"
EndProject
Project("{FAE04EC0-301F-11D3-BF4B-00C04F79EFBC}") = "Unity.2D.SpriteShape.Runtime", "Unity.2D.SpriteShape.Runtime.Player.csproj", "{5CB4639D-D101-37CE-B962-D8CA513445CA}"
EndProject
Project("{FAE04EC0-301F-11D3-BF4B-00C04F79EFBC}") = "Unity.2D.PixelPerfect", "Unity.2D.PixelPerfect.Player.csproj", "{216AEE77-ED7E-8A62-7EAC-FE2DC959FB0B}"
EndProject
Project("{FAE04EC0-301F-11D3-BF4B-00C04F79EFBC}") = "Unity.2D.Common.Runtime", "Unity.2D.Common.Runtime.Player.csproj", "{B4D642DD-B980-1731-2A55-01E2BC813C70}"
EndProject
Project("{FAE04EC0-301F-11D3-BF4B-00C04F79EFBC}") = "Unity.InternalAPIEngineBridge.001", "Unity.InternalAPIEngineBridge.001.Player.csproj", "{1CF93EC7-4FAD-C071-0E56-F1007220AF14}"
EndProject
Global
	GlobalSection(SolutionConfigurationPlatforms) = preSolution
		Debug|Any CPU = Debug|Any CPU
		Release|Any CPU = Release|Any CPU
	EndGlobalSection
	GlobalSection(ProjectConfigurationPlatforms) = postSolution
		{63C57B99-F01F-4253-D135-5B8F89FA0C83}.Debug|Any CPU.ActiveCfg = Debug|Any CPU
		{63C57B99-F01F-4253-D135-5B8F89FA0C83}.Debug|Any CPU.Build.0 = Debug|Any CPU
		{63C57B99-F01F-4253-D135-5B8F89FA0C83}.Release|Any CPU.ActiveCfg = Release|Any CPU
		{63C57B99-F01F-4253-D135-5B8F89FA0C83}.Release|Any CPU.Build.0 = Release|Any CPU
		{8ECB4373-5B77-7743-6F87-A994AA45D4BE}.Debug|Any CPU.ActiveCfg = Debug|Any CPU
		{8ECB4373-5B77-7743-6F87-A994AA45D4BE}.Debug|Any CPU.Build.0 = Debug|Any CPU
		{8ECB4373-5B77-7743-6F87-A994AA45D4BE}.Release|Any CPU.ActiveCfg = Release|Any CPU
		{8ECB4373-5B77-7743-6F87-A994AA45D4BE}.Release|Any CPU.Build.0 = Release|Any CPU
		{58279356-0AD4-CB37-63EA-EF0F689D1185}.Debug|Any CPU.ActiveCfg = Debug|Any CPU
		{58279356-0AD4-CB37-63EA-EF0F689D1185}.Debug|Any CPU.Build.0 = Debug|Any CPU
		{58279356-0AD4-CB37-63EA-EF0F689D1185}.Release|Any CPU.ActiveCfg = Release|Any CPU
		{58279356-0AD4-CB37-63EA-EF0F689D1185}.Release|Any CPU.Build.0 = Release|Any CPU
		{8141B58D-AFA9-58E6-9DC2-EAC409CC57E5}.Debug|Any CPU.ActiveCfg = Debug|Any CPU
		{8141B58D-AFA9-58E6-9DC2-EAC409CC57E5}.Debug|Any CPU.Build.0 = Debug|Any CPU
		{8141B58D-AFA9-58E6-9DC2-EAC409CC57E5}.Release|Any CPU.ActiveCfg = Release|Any CPU
		{8141B58D-AFA9-58E6-9DC2-EAC409CC57E5}.Release|Any CPU.Build.0 = Release|Any CPU
		{4B5FD380-0803-293C-1E97-1B4D06F96BE7}.Debug|Any CPU.ActiveCfg = Debug|Any CPU
		{4B5FD380-0803-293C-1E97-1B4D06F96BE7}.Debug|Any CPU.Build.0 = Debug|Any CPU
		{4B5FD380-0803-293C-1E97-1B4D06F96BE7}.Release|Any CPU.ActiveCfg = Release|Any CPU
		{4B5FD380-0803-293C-1E97-1B4D06F96BE7}.Release|Any CPU.Build.0 = Release|Any CPU
		{FB76C696-D0BB-8861-4FC0-9DDEF5095C33}.Debug|Any CPU.ActiveCfg = Debug|Any CPU
		{FB76C696-D0BB-8861-4FC0-9DDEF5095C33}.Debug|Any CPU.Build.0 = Debug|Any CPU
		{FB76C696-D0BB-8861-4FC0-9DDEF5095C33}.Release|Any CPU.ActiveCfg = Release|Any CPU
		{FB76C696-D0BB-8861-4FC0-9DDEF5095C33}.Release|Any CPU.Build.0 = Release|Any CPU
		{E3E13E91-D54E-B9F2-0557-E6AB1FE26698}.Debug|Any CPU.ActiveCfg = Debug|Any CPU
		{E3E13E91-D54E-B9F2-0557-E6AB1FE26698}.Debug|Any CPU.Build.0 = Debug|Any CPU
		{E3E13E91-D54E-B9F2-0557-E6AB1FE26698}.Release|Any CPU.ActiveCfg = Release|Any CPU
		{E3E13E91-D54E-B9F2-0557-E6AB1FE26698}.Release|Any CPU.Build.0 = Release|Any CPU
		{1039D424-3C31-2B2D-3C12-7A181106B42A}.Debug|Any CPU.ActiveCfg = Debug|Any CPU
		{1039D424-3C31-2B2D-3C12-7A181106B42A}.Debug|Any CPU.Build.0 = Debug|Any CPU
		{1039D424-3C31-2B2D-3C12-7A181106B42A}.Release|Any CPU.ActiveCfg = Release|Any CPU
		{1039D424-3C31-2B2D-3C12-7A181106B42A}.Release|Any CPU.Build.0 = Release|Any CPU
		{ADDF9067-E8E1-0A24-8FB8-F01AE11A9181}.Debug|Any CPU.ActiveCfg = Debug|Any CPU
		{ADDF9067-E8E1-0A24-8FB8-F01AE11A9181}.Debug|Any CPU.Build.0 = Debug|Any CPU
		{ADDF9067-E8E1-0A24-8FB8-F01AE11A9181}.Release|Any CPU.ActiveCfg = Release|Any CPU
		{ADDF9067-E8E1-0A24-8FB8-F01AE11A9181}.Release|Any CPU.Build.0 = Release|Any CPU
		{1B4B2AA4-EBC6-666F-A71A-06A4FE38A02B}.Debug|Any CPU.ActiveCfg = Debug|Any CPU
		{1B4B2AA4-EBC6-666F-A71A-06A4FE38A02B}.Debug|Any CPU.Build.0 = Debug|Any CPU
		{1B4B2AA4-EBC6-666F-A71A-06A4FE38A02B}.Release|Any CPU.ActiveCfg = Release|Any CPU
		{1B4B2AA4-EBC6-666F-A71A-06A4FE38A02B}.Release|Any CPU.Build.0 = Release|Any CPU
		{97100555-C956-8D7C-E24D-29158EE50669}.Debug|Any CPU.ActiveCfg = Debug|Any CPU
		{97100555-C956-8D7C-E24D-29158EE50669}.Debug|Any CPU.Build.0 = Debug|Any CPU
		{97100555-C956-8D7C-E24D-29158EE50669}.Release|Any CPU.ActiveCfg = Release|Any CPU
		{97100555-C956-8D7C-E24D-29158EE50669}.Release|Any CPU.Build.0 = Release|Any CPU
		{EBC285F9-50B8-6F5F-D324-EA155CED38D4}.Debug|Any CPU.ActiveCfg = Debug|Any CPU
		{EBC285F9-50B8-6F5F-D324-EA155CED38D4}.Debug|Any CPU.Build.0 = Debug|Any CPU
		{EBC285F9-50B8-6F5F-D324-EA155CED38D4}.Release|Any CPU.ActiveCfg = Release|Any CPU
		{EBC285F9-50B8-6F5F-D324-EA155CED38D4}.Release|Any CPU.Build.0 = Release|Any CPU
		{538ECAD7-5F06-F300-3A2F-562BB54280DE}.Debug|Any CPU.ActiveCfg = Debug|Any CPU
		{538ECAD7-5F06-F300-3A2F-562BB54280DE}.Debug|Any CPU.Build.0 = Debug|Any CPU
		{538ECAD7-5F06-F300-3A2F-562BB54280DE}.Release|Any CPU.ActiveCfg = Release|Any CPU
		{538ECAD7-5F06-F300-3A2F-562BB54280DE}.Release|Any CPU.Build.0 = Release|Any CPU
		{5A1C993B-C6C5-E636-FE6A-ED7A3D29F396}.Debug|Any CPU.ActiveCfg = Debug|Any CPU
		{5A1C993B-C6C5-E636-FE6A-ED7A3D29F396}.Debug|Any CPU.Build.0 = Debug|Any CPU
		{5A1C993B-C6C5-E636-FE6A-ED7A3D29F396}.Release|Any CPU.ActiveCfg = Release|Any CPU
		{5A1C993B-C6C5-E636-FE6A-ED7A3D29F396}.Release|Any CPU.Build.0 = Release|Any CPU
		{05A509AB-9FCE-C598-9687-36DC3F36C09B}.Debug|Any CPU.ActiveCfg = Debug|Any CPU
		{05A509AB-9FCE-C598-9687-36DC3F36C09B}.Debug|Any CPU.Build.0 = Debug|Any CPU
		{05A509AB-9FCE-C598-9687-36DC3F36C09B}.Release|Any CPU.ActiveCfg = Release|Any CPU
		{05A509AB-9FCE-C598-9687-36DC3F36C09B}.Release|Any CPU.Build.0 = Release|Any CPU
		{82EC0FA9-F389-B17B-1F8A-A8BEE372C676}.Debug|Any CPU.ActiveCfg = Debug|Any CPU
		{82EC0FA9-F389-B17B-1F8A-A8BEE372C676}.Debug|Any CPU.Build.0 = Debug|Any CPU
		{82EC0FA9-F389-B17B-1F8A-A8BEE372C676}.Release|Any CPU.ActiveCfg = Release|Any CPU
		{82EC0FA9-F389-B17B-1F8A-A8BEE372C676}.Release|Any CPU.Build.0 = Release|Any CPU
		{BC854C0B-4721-1654-F93B-1D5F011E11B8}.Debug|Any CPU.ActiveCfg = Debug|Any CPU
		{BC854C0B-4721-1654-F93B-1D5F011E11B8}.Debug|Any CPU.Build.0 = Debug|Any CPU
		{BC854C0B-4721-1654-F93B-1D5F011E11B8}.Release|Any CPU.ActiveCfg = Release|Any CPU
		{BC854C0B-4721-1654-F93B-1D5F011E11B8}.Release|Any CPU.Build.0 = Release|Any CPU
		{4A6765E5-A5BF-AAF2-E8D6-BE9254B3BFA2}.Debug|Any CPU.ActiveCfg = Debug|Any CPU
		{4A6765E5-A5BF-AAF2-E8D6-BE9254B3BFA2}.Debug|Any CPU.Build.0 = Debug|Any CPU
		{4A6765E5-A5BF-AAF2-E8D6-BE9254B3BFA2}.Release|Any CPU.ActiveCfg = Release|Any CPU
		{4A6765E5-A5BF-AAF2-E8D6-BE9254B3BFA2}.Release|Any CPU.Build.0 = Release|Any CPU
		{0E1E281F-8439-9F7B-F22A-8E055F182302}.Debug|Any CPU.ActiveCfg = Debug|Any CPU
		{0E1E281F-8439-9F7B-F22A-8E055F182302}.Debug|Any CPU.Build.0 = Debug|Any CPU
		{0E1E281F-8439-9F7B-F22A-8E055F182302}.Release|Any CPU.ActiveCfg = Release|Any CPU
		{0E1E281F-8439-9F7B-F22A-8E055F182302}.Release|Any CPU.Build.0 = Release|Any CPU
		{C47408E7-D511-3CF6-80A6-97F3CF0ADD75}.Debug|Any CPU.ActiveCfg = Debug|Any CPU
		{C47408E7-D511-3CF6-80A6-97F3CF0ADD75}.Debug|Any CPU.Build.0 = Debug|Any CPU
		{C47408E7-D511-3CF6-80A6-97F3CF0ADD75}.Release|Any CPU.ActiveCfg = Release|Any CPU
		{C47408E7-D511-3CF6-80A6-97F3CF0ADD75}.Release|Any CPU.Build.0 = Release|Any CPU
		{A624566E-C895-30F1-1C32-2FC003619518}.Debug|Any CPU.ActiveCfg = Debug|Any CPU
		{A624566E-C895-30F1-1C32-2FC003619518}.Debug|Any CPU.Build.0 = Debug|Any CPU
		{A624566E-C895-30F1-1C32-2FC003619518}.Release|Any CPU.ActiveCfg = Release|Any CPU
		{A624566E-C895-30F1-1C32-2FC003619518}.Release|Any CPU.Build.0 = Release|Any CPU
		{EF589DB6-F754-91C6-19E2-AEB8EA09465E}.Debug|Any CPU.ActiveCfg = Debug|Any CPU
		{EF589DB6-F754-91C6-19E2-AEB8EA09465E}.Debug|Any CPU.Build.0 = Debug|Any CPU
		{EF589DB6-F754-91C6-19E2-AEB8EA09465E}.Release|Any CPU.ActiveCfg = Release|Any CPU
		{EF589DB6-F754-91C6-19E2-AEB8EA09465E}.Release|Any CPU.Build.0 = Release|Any CPU
		{7A116595-754E-5AD3-B946-70252586378F}.Debug|Any CPU.ActiveCfg = Debug|Any CPU
		{7A116595-754E-5AD3-B946-70252586378F}.Debug|Any CPU.Build.0 = Debug|Any CPU
		{7A116595-754E-5AD3-B946-70252586378F}.Release|Any CPU.ActiveCfg = Release|Any CPU
		{7A116595-754E-5AD3-B946-70252586378F}.Release|Any CPU.Build.0 = Release|Any CPU
		{6DB7C549-6146-2E6C-037E-D41E0BD66E1A}.Debug|Any CPU.ActiveCfg = Debug|Any CPU
		{6DB7C549-6146-2E6C-037E-D41E0BD66E1A}.Debug|Any CPU.Build.0 = Debug|Any CPU
		{6DB7C549-6146-2E6C-037E-D41E0BD66E1A}.Release|Any CPU.ActiveCfg = Release|Any CPU
		{6DB7C549-6146-2E6C-037E-D41E0BD66E1A}.Release|Any CPU.Build.0 = Release|Any CPU
		{C0F7DAD2-300B-54F7-B7EF-F0E792132550}.Debug|Any CPU.ActiveCfg = Debug|Any CPU
		{C0F7DAD2-300B-54F7-B7EF-F0E792132550}.Debug|Any CPU.Build.0 = Debug|Any CPU
		{C0F7DAD2-300B-54F7-B7EF-F0E792132550}.Release|Any CPU.ActiveCfg = Release|Any CPU
		{C0F7DAD2-300B-54F7-B7EF-F0E792132550}.Release|Any CPU.Build.0 = Release|Any CPU
		{93DC70DD-FEC5-6870-C61A-C4920F7723F3}.Debug|Any CPU.ActiveCfg = Debug|Any CPU
		{93DC70DD-FEC5-6870-C61A-C4920F7723F3}.Debug|Any CPU.Build.0 = Debug|Any CPU
		{93DC70DD-FEC5-6870-C61A-C4920F7723F3}.Release|Any CPU.ActiveCfg = Release|Any CPU
		{93DC70DD-FEC5-6870-C61A-C4920F7723F3}.Release|Any CPU.Build.0 = Release|Any CPU
		{94827A4D-B6A5-02F2-6352-D07961994CAA}.Debug|Any CPU.ActiveCfg = Debug|Any CPU
		{94827A4D-B6A5-02F2-6352-D07961994CAA}.Debug|Any CPU.Build.0 = Debug|Any CPU
		{94827A4D-B6A5-02F2-6352-D07961994CAA}.Release|Any CPU.ActiveCfg = Release|Any CPU
		{94827A4D-B6A5-02F2-6352-D07961994CAA}.Release|Any CPU.Build.0 = Release|Any CPU
		{55DD2542-D585-1616-0BF5-B8179CD501EB}.Debug|Any CPU.ActiveCfg = Debug|Any CPU
		{55DD2542-D585-1616-0BF5-B8179CD501EB}.Debug|Any CPU.Build.0 = Debug|Any CPU
		{55DD2542-D585-1616-0BF5-B8179CD501EB}.Release|Any CPU.ActiveCfg = Release|Any CPU
		{55DD2542-D585-1616-0BF5-B8179CD501EB}.Release|Any CPU.Build.0 = Release|Any CPU
		{E19FBF46-E0B3-7CF6-FABC-5079AC1E0F3E}.Debug|Any CPU.ActiveCfg = Debug|Any CPU
		{E19FBF46-E0B3-7CF6-FABC-5079AC1E0F3E}.Debug|Any CPU.Build.0 = Debug|Any CPU
		{E19FBF46-E0B3-7CF6-FABC-5079AC1E0F3E}.Release|Any CPU.ActiveCfg = Release|Any CPU
		{E19FBF46-E0B3-7CF6-FABC-5079AC1E0F3E}.Release|Any CPU.Build.0 = Release|Any CPU
		{4BDEA410-6C63-E5D1-F5C7-004AFE97288A}.Debug|Any CPU.ActiveCfg = Debug|Any CPU
		{4BDEA410-6C63-E5D1-F5C7-004AFE97288A}.Debug|Any CPU.Build.0 = Debug|Any CPU
		{4BDEA410-6C63-E5D1-F5C7-004AFE97288A}.Release|Any CPU.ActiveCfg = Release|Any CPU
		{4BDEA410-6C63-E5D1-F5C7-004AFE97288A}.Release|Any CPU.Build.0 = Release|Any CPU
		{F57DF496-24F3-B1AD-6D91-3907261F6823}.Debug|Any CPU.ActiveCfg = Debug|Any CPU
		{F57DF496-24F3-B1AD-6D91-3907261F6823}.Debug|Any CPU.Build.0 = Debug|Any CPU
		{F57DF496-24F3-B1AD-6D91-3907261F6823}.Release|Any CPU.ActiveCfg = Release|Any CPU
		{F57DF496-24F3-B1AD-6D91-3907261F6823}.Release|Any CPU.Build.0 = Release|Any CPU
		{732325BB-E778-7476-21FD-21A7FB0DDC8C}.Debug|Any CPU.ActiveCfg = Debug|Any CPU
		{732325BB-E778-7476-21FD-21A7FB0DDC8C}.Debug|Any CPU.Build.0 = Debug|Any CPU
		{732325BB-E778-7476-21FD-21A7FB0DDC8C}.Release|Any CPU.ActiveCfg = Release|Any CPU
		{732325BB-E778-7476-21FD-21A7FB0DDC8C}.Release|Any CPU.Build.0 = Release|Any CPU
		{9320C980-91DE-65FE-1DD9-7C615BB8A4A4}.Debug|Any CPU.ActiveCfg = Debug|Any CPU
		{9320C980-91DE-65FE-1DD9-7C615BB8A4A4}.Debug|Any CPU.Build.0 = Debug|Any CPU
		{9320C980-91DE-65FE-1DD9-7C615BB8A4A4}.Release|Any CPU.ActiveCfg = Release|Any CPU
		{9320C980-91DE-65FE-1DD9-7C615BB8A4A4}.Release|Any CPU.Build.0 = Release|Any CPU
		{9B744A1A-4611-005E-808A-8FADBD52DEBA}.Debug|Any CPU.ActiveCfg = Debug|Any CPU
		{9B744A1A-4611-005E-808A-8FADBD52DEBA}.Debug|Any CPU.Build.0 = Debug|Any CPU
		{9B744A1A-4611-005E-808A-8FADBD52DEBA}.Release|Any CPU.ActiveCfg = Release|Any CPU
		{9B744A1A-4611-005E-808A-8FADBD52DEBA}.Release|Any CPU.Build.0 = Release|Any CPU
		{B0507D85-0536-CA78-2D8E-11879742DC67}.Debug|Any CPU.ActiveCfg = Debug|Any CPU
		{B0507D85-0536-CA78-2D8E-11879742DC67}.Debug|Any CPU.Build.0 = Debug|Any CPU
		{B0507D85-0536-CA78-2D8E-11879742DC67}.Release|Any CPU.ActiveCfg = Release|Any CPU
		{B0507D85-0536-CA78-2D8E-11879742DC67}.Release|Any CPU.Build.0 = Release|Any CPU
		{10354368-764B-6B9D-45E7-FAA26E5D1D86}.Debug|Any CPU.ActiveCfg = Debug|Any CPU
		{10354368-764B-6B9D-45E7-FAA26E5D1D86}.Debug|Any CPU.Build.0 = Debug|Any CPU
		{10354368-764B-6B9D-45E7-FAA26E5D1D86}.Release|Any CPU.ActiveCfg = Release|Any CPU
		{10354368-764B-6B9D-45E7-FAA26E5D1D86}.Release|Any CPU.Build.0 = Release|Any CPU
		{DC2CEA85-06B5-4612-A5B0-380B171187A9}.Debug|Any CPU.ActiveCfg = Debug|Any CPU
		{DC2CEA85-06B5-4612-A5B0-380B171187A9}.Debug|Any CPU.Build.0 = Debug|Any CPU
		{DC2CEA85-06B5-4612-A5B0-380B171187A9}.Release|Any CPU.ActiveCfg = Release|Any CPU
		{DC2CEA85-06B5-4612-A5B0-380B171187A9}.Release|Any CPU.Build.0 = Release|Any CPU
		{0EBA965E-E7CB-F1E7-69BB-343E0E0C1782}.Debug|Any CPU.ActiveCfg = Debug|Any CPU
		{0EBA965E-E7CB-F1E7-69BB-343E0E0C1782}.Debug|Any CPU.Build.0 = Debug|Any CPU
		{0EBA965E-E7CB-F1E7-69BB-343E0E0C1782}.Release|Any CPU.ActiveCfg = Release|Any CPU
		{0EBA965E-E7CB-F1E7-69BB-343E0E0C1782}.Release|Any CPU.Build.0 = Release|Any CPU
		{F09376B2-D49B-F88A-2CC4-EEF302B94222}.Debug|Any CPU.ActiveCfg = Debug|Any CPU
		{F09376B2-D49B-F88A-2CC4-EEF302B94222}.Debug|Any CPU.Build.0 = Debug|Any CPU
		{F09376B2-D49B-F88A-2CC4-EEF302B94222}.Release|Any CPU.ActiveCfg = Release|Any CPU
		{F09376B2-D49B-F88A-2CC4-EEF302B94222}.Release|Any CPU.Build.0 = Release|Any CPU
		{4BA4354F-B2A2-7303-97E8-3D13983E19DE}.Debug|Any CPU.ActiveCfg = Debug|Any CPU
		{4BA4354F-B2A2-7303-97E8-3D13983E19DE}.Debug|Any CPU.Build.0 = Debug|Any CPU
		{4BA4354F-B2A2-7303-97E8-3D13983E19DE}.Release|Any CPU.ActiveCfg = Release|Any CPU
		{4BA4354F-B2A2-7303-97E8-3D13983E19DE}.Release|Any CPU.Build.0 = Release|Any CPU
		{D7F99620-D9B8-2BBD-BC55-CABCC43F82D0}.Debug|Any CPU.ActiveCfg = Debug|Any CPU
		{D7F99620-D9B8-2BBD-BC55-CABCC43F82D0}.Debug|Any CPU.Build.0 = Debug|Any CPU
		{D7F99620-D9B8-2BBD-BC55-CABCC43F82D0}.Release|Any CPU.ActiveCfg = Release|Any CPU
		{D7F99620-D9B8-2BBD-BC55-CABCC43F82D0}.Release|Any CPU.Build.0 = Release|Any CPU
		{5CB4639D-D101-37CE-B962-D8CA513445CA}.Debug|Any CPU.ActiveCfg = Debug|Any CPU
		{5CB4639D-D101-37CE-B962-D8CA513445CA}.Debug|Any CPU.Build.0 = Debug|Any CPU
		{5CB4639D-D101-37CE-B962-D8CA513445CA}.Release|Any CPU.ActiveCfg = Release|Any CPU
		{5CB4639D-D101-37CE-B962-D8CA513445CA}.Release|Any CPU.Build.0 = Release|Any CPU
		{216AEE77-ED7E-8A62-7EAC-FE2DC959FB0B}.Debug|Any CPU.ActiveCfg = Debug|Any CPU
		{216AEE77-ED7E-8A62-7EAC-FE2DC959FB0B}.Debug|Any CPU.Build.0 = Debug|Any CPU
		{216AEE77-ED7E-8A62-7EAC-FE2DC959FB0B}.Release|Any CPU.ActiveCfg = Release|Any CPU
		{216AEE77-ED7E-8A62-7EAC-FE2DC959FB0B}.Release|Any CPU.Build.0 = Release|Any CPU
		{B4D642DD-B980-1731-2A55-01E2BC813C70}.Debug|Any CPU.ActiveCfg = Debug|Any CPU
		{B4D642DD-B980-1731-2A55-01E2BC813C70}.Debug|Any CPU.Build.0 = Debug|Any CPU
		{B4D642DD-B980-1731-2A55-01E2BC813C70}.Release|Any CPU.ActiveCfg = Release|Any CPU
		{B4D642DD-B980-1731-2A55-01E2BC813C70}.Release|Any CPU.Build.0 = Release|Any CPU
		{1CF93EC7-4FAD-C071-0E56-F1007220AF14}.Debug|Any CPU.ActiveCfg = Debug|Any CPU
		{1CF93EC7-4FAD-C071-0E56-F1007220AF14}.Debug|Any CPU.Build.0 = Debug|Any CPU
		{1CF93EC7-4FAD-C071-0E56-F1007220AF14}.Release|Any CPU.ActiveCfg = Release|Any CPU
		{1CF93EC7-4FAD-C071-0E56-F1007220AF14}.Release|Any CPU.Build.0 = Release|Any CPU
	EndGlobalSection
	GlobalSection(SolutionProperties) = preSolution
		HideSolutionNode = FALSE
	EndGlobalSection
EndGlobal
