
Microsoft Visual Studio Solution File, Format Version 12.00
# Visual Studio 15
Project("{FAE04EC0-301F-11D3-BF4B-00C04F79EFBC}") = "UnityEngine.TestRunner", "UnityEngine.TestRunner.csproj", "{116074A8-0B47-9236-B8D5-0AC310A189BE}"
EndProject
Project("{FAE04EC0-301F-11D3-BF4B-00C04F79EFBC}") = "Unity.PlasticSCM.Editor", "Unity.PlasticSCM.Editor.csproj", "{9BC436EA-39E3-6EC1-06E8-5013C49340B6}"
EndProject
Project("{FAE04EC0-301F-11D3-BF4B-00C04F79EFBC}") = "Unity.Timeline", "Unity.Timeline.csproj", "{206AF795-0E2E-BDF4-053E-1127CC603344}"
EndProject
Project("{FAE04EC0-301F-11D3-BF4B-00C04F79EFBC}") = "UnityEngine.UI", "UnityEngine.UI.csproj", "{4D24C791-991B-7417-840E-50EEB854F8C5}"
EndProject
Project("{FAE04EC0-301F-11D3-BF4B-00C04F79EFBC}") = "Unity.TextMeshPro", "Unity.TextMeshPro.csproj", "{C890B010-DAC2-6B25-0DEB-3EF6E4C0E1B2}"
EndProject
Project("{FAE04EC0-301F-11D3-BF4B-00C04F79EFBC}") = "Unity.2D.Animation.Runtime", "Unity.2D.Animation.Runtime.csproj", "{BE2C4278-389A-1698-8934-C611598B9CBD}"
EndProject
Project("{FAE04EC0-301F-11D3-BF4B-00C04F79EFBC}") = "Unity.2D.IK.Runtime", "Unity.2D.IK.Runtime.csproj", "{20015515-4E98-8E58-3AB2-50B5563AFDCC}"
EndProject
Project("{FAE04EC0-301F-11D3-BF4B-00C04F79EFBC}") = "Unity.2D.SpriteShape.Runtime", "Unity.2D.SpriteShape.Runtime.csproj", "{F4EC422B-0DDA-69C8-FD9A-6A43BDE5989A}"
EndProject
Project("{FAE04EC0-301F-11D3-BF4B-00C04F79EFBC}") = "Unity.Mathematics", "Unity.Mathematics.csproj", "{EE100946-97C8-4981-448A-B3457681E1A4}"
EndProject
Project("{FAE04EC0-301F-11D3-BF4B-00C04F79EFBC}") = "Unity.2D.PixelPerfect", "Unity.2D.PixelPerfect.csproj", "{E7A72C2B-4B8F-E58E-0D87-2453A2046CC2}"
EndProject
Project("{FAE04EC0-301F-11D3-BF4B-00C04F79EFBC}") = "Unity.2D.Common.Runtime", "Unity.2D.Common.Runtime.csproj", "{83C48F9A-C12F-2921-26AB-96CFF47F9B29}"
EndProject
Project("{FAE04EC0-301F-11D3-BF4B-00C04F79EFBC}") = "Unity.InternalAPIEngineBridge.001", "Unity.InternalAPIEngineBridge.001.csproj", "{793315F4-C584-1B28-160A-426FCB3DE780}"
EndProject
Project("{FAE04EC0-301F-11D3-BF4B-00C04F79EFBC}") = "UnityEditor.TestRunner", "UnityEditor.TestRunner.csproj", "{DFCC516F-8C4A-0CDC-D206-320483716CEC}"
EndProject
Project("{FAE04EC0-301F-11D3-BF4B-00C04F79EFBC}") = "Unity.2D.Animation.Triangle.Editor", "Unity.2D.Animation.Triangle.Editor.csproj", "{62EC4DA0-FBB0-6C87-92DE-C1DB1DB53AD9}"
EndProject
Project("{FAE04EC0-301F-11D3-BF4B-00C04F79EFBC}") = "UnityEditor.UI", "UnityEditor.UI.csproj", "{38DD5F4D-0FA4-62E3-C828-4B87DF6EA99B}"
EndProject
Project("{FAE04EC0-301F-11D3-BF4B-00C04F79EFBC}") = "Unity.Services.Core.Editor", "Unity.Services.Core.Editor.csproj", "{F17CF056-2F29-F97A-C388-B41E62FAD8C8}"
EndProject
Project("{FAE04EC0-301F-11D3-BF4B-00C04F79EFBC}") = "Unity.Timeline.Editor", "Unity.Timeline.Editor.csproj", "{C1E1E6FF-7625-A30C-8A90-534814122E28}"
EndProject
Project("{FAE04EC0-301F-11D3-BF4B-00C04F79EFBC}") = "Unity.VisualStudio.Editor", "Unity.VisualStudio.Editor.csproj", "{6FBF4815-E1EE-227D-2AC2-483A310E283B}"
EndProject
Project("{FAE04EC0-301F-11D3-BF4B-00C04F79EFBC}") = "Unity.2D.Psdimporter.Editor", "Unity.2D.Psdimporter.Editor.csproj", "{E0EFC563-2976-4A3E-D98A-FA7D210EB0A1}"
EndProject
Project("{FAE04EC0-301F-11D3-BF4B-00C04F79EFBC}") = "Unity.2D.Animation.Editor", "Unity.2D.Animation.Editor.csproj", "{67CF265C-F975-37B2-A1D5-597A6DF7F54F}"
EndProject
Project("{FAE04EC0-301F-11D3-BF4B-00C04F79EFBC}") = "Unity.TextMeshPro.Editor", "Unity.TextMeshPro.Editor.csproj", "{E1FD4B33-0204-A203-D45A-307C828B5464}"
EndProject
Project("{FAE04EC0-301F-11D3-BF4B-00C04F79EFBC}") = "Unity.2D.SpriteShape.Editor", "Unity.2D.SpriteShape.Editor.csproj", "{A8831BA6-3868-9C15-8775-E33F6F60323E}"
EndProject
Project("{FAE04EC0-301F-11D3-BF4B-00C04F79EFBC}") = "Unity.CollabProxy.Editor", "Unity.CollabProxy.Editor.csproj", "{B6A02989-0BBF-DCB8-2F59-FC5CAE4C8B1D}"
EndProject
Project("{FAE04EC0-301F-11D3-BF4B-00C04F79EFBC}") = "PsdPlugin", "PsdPlugin.csproj", "{32EAAEBF-6602-181D-4B89-C4EB7F224F65}"
EndProject
Project("{FAE04EC0-301F-11D3-BF4B-00C04F79EFBC}") = "Unity.2D.Path.Editor", "Unity.2D.Path.Editor.csproj", "{493803BE-CFC5-BC8C-F6E2-94DEE29D6F0A}"
EndProject
Project("{FAE04EC0-301F-11D3-BF4B-00C04F79EFBC}") = "Unity.Rider.Editor", "Unity.Rider.Editor.csproj", "{7A97EBE3-3152-A2AA-EAD3-CFADF16E5225}"
EndProject
Project("{FAE04EC0-301F-11D3-BF4B-00C04F79EFBC}") = "Unity.2D.IK.Editor", "Unity.2D.IK.Editor.csproj", "{8A944341-9804-9811-3639-6752A0A2665C}"
EndProject
Project("{FAE04EC0-301F-11D3-BF4B-00C04F79EFBC}") = "Unity.2D.Sprite.Editor", "Unity.2D.Sprite.Editor.csproj", "{C18099FB-F463-3313-1E01-9DE62033B78E}"
EndProject
Project("{FAE04EC0-301F-11D3-BF4B-00C04F79EFBC}") = "Unity.2D.Tilemap.Editor", "Unity.2D.Tilemap.Editor.csproj", "{802EFA44-E1AB-E5D3-5B17-734485CC783E}"
EndProject
Project("{FAE04EC0-301F-11D3-BF4B-00C04F79EFBC}") = "Unity.2D.PixelPerfect.Editor", "Unity.2D.PixelPerfect.Editor.csproj", "{9E4F16C6-9275-98A2-534A-B802CF5F9F10}"
EndProject
Project("{FAE04EC0-301F-11D3-BF4B-00C04F79EFBC}") = "Unity.2D.Common.Editor", "Unity.2D.Common.Editor.csproj", "{64DBFBAB-81CF-A7AB-7C8E-F719E698F42F}"
EndProject
Project("{FAE04EC0-301F-11D3-BF4B-00C04F79EFBC}") = "Unity.InternalAPIEditorBridge.001", "Unity.InternalAPIEditorBridge.001.csproj", "{D5FA0523-3E86-9C54-BD1F-462386491AAF}"
EndProject
Project("{FAE04EC0-301F-11D3-BF4B-00C04F79EFBC}") = "UnityEngine.TestRunner", "UnityEngine.TestRunner.Player.csproj", "{9A24E588-11F2-70FC-0748-734B07CAD305}"
EndProject
Project("{FAE04EC0-301F-11D3-BF4B-00C04F79EFBC}") = "Unity.Timeline", "Unity.Timeline.Player.csproj", "{E73B5F96-4434-0447-A4A6-261F12A810A2}"
EndProject
Project("{FAE04EC0-301F-11D3-BF4B-00C04F79EFBC}") = "UnityEngine.UI", "UnityEngine.UI.Player.csproj", "{27AAC5A5-E929-E306-422F-C3B1FC9562E1}"
EndProject
Project("{FAE04EC0-301F-11D3-BF4B-00C04F79EFBC}") = "Unity.TextMeshPro", "Unity.TextMeshPro.Player.csproj", "{C3013998-F56C-2FDB-8EEF-4A5618A5024B}"
EndProject
Project("{FAE04EC0-301F-11D3-BF4B-00C04F79EFBC}") = "Unity.2D.Animation.Runtime", "Unity.2D.Animation.Runtime.Player.csproj", "{886B372E-3F99-7547-0095-E761996DAEBB}"
EndProject
Project("{FAE04EC0-301F-11D3-BF4B-00C04F79EFBC}") = "Unity.2D.IK.Runtime", "Unity.2D.IK.Runtime.Player.csproj", "{691ACD18-C3F7-5A4E-9318-98FADA53E8DA}"
EndProject
Project("{FAE04EC0-301F-11D3-BF4B-00C04F79EFBC}") = "Unity.2D.SpriteShape.Runtime", "Unity.2D.SpriteShape.Runtime.Player.csproj", "{CA642456-189E-FCE4-1335-09606F58D07E}"
EndProject
Project("{FAE04EC0-301F-11D3-BF4B-00C04F79EFBC}") = "Unity.Mathematics", "Unity.Mathematics.Player.csproj", "{C3640D41-FE28-A888-C1FF-FDFEBD009533}"
EndProject
Project("{FAE04EC0-301F-11D3-BF4B-00C04F79EFBC}") = "Unity.2D.PixelPerfect", "Unity.2D.PixelPerfect.Player.csproj", "{C6736FEE-9595-D097-5066-5109E9AA6F53}"
EndProject
Project("{FAE04EC0-301F-11D3-BF4B-00C04F79EFBC}") = "Unity.2D.Common.Runtime", "Unity.2D.Common.Runtime.Player.csproj", "{A698C55C-9985-107C-ECC6-14A5576820E9}"
EndProject
Project("{FAE04EC0-301F-11D3-BF4B-00C04F79EFBC}") = "Unity.InternalAPIEngineBridge.001", "Unity.InternalAPIEngineBridge.001.Player.csproj", "{4024A5E6-B525-E212-58DF-0E676F60F621}"
EndProject
Global
	GlobalSection(SolutionConfigurationPlatforms) = preSolution
		Debug|Any CPU = Debug|Any CPU
		Release|Any CPU = Release|Any CPU
	EndGlobalSection
	GlobalSection(ProjectConfigurationPlatforms) = postSolution
		{116074A8-0B47-9236-B8D5-0AC310A189BE}.Debug|Any CPU.ActiveCfg = Debug|Any CPU
		{116074A8-0B47-9236-B8D5-0AC310A189BE}.Debug|Any CPU.Build.0 = Debug|Any CPU
		{116074A8-0B47-9236-B8D5-0AC310A189BE}.Release|Any CPU.ActiveCfg = Release|Any CPU
		{116074A8-0B47-9236-B8D5-0AC310A189BE}.Release|Any CPU.Build.0 = Release|Any CPU
		{9BC436EA-39E3-6EC1-06E8-5013C49340B6}.Debug|Any CPU.ActiveCfg = Debug|Any CPU
		{9BC436EA-39E3-6EC1-06E8-5013C49340B6}.Debug|Any CPU.Build.0 = Debug|Any CPU
		{9BC436EA-39E3-6EC1-06E8-5013C49340B6}.Release|Any CPU.ActiveCfg = Release|Any CPU
		{9BC436EA-39E3-6EC1-06E8-5013C49340B6}.Release|Any CPU.Build.0 = Release|Any CPU
		{206AF795-0E2E-BDF4-053E-1127CC603344}.Debug|Any CPU.ActiveCfg = Debug|Any CPU
		{206AF795-0E2E-BDF4-053E-1127CC603344}.Debug|Any CPU.Build.0 = Debug|Any CPU
		{206AF795-0E2E-BDF4-053E-1127CC603344}.Release|Any CPU.ActiveCfg = Release|Any CPU
		{206AF795-0E2E-BDF4-053E-1127CC603344}.Release|Any CPU.Build.0 = Release|Any CPU
		{4D24C791-991B-7417-840E-50EEB854F8C5}.Debug|Any CPU.ActiveCfg = Debug|Any CPU
		{4D24C791-991B-7417-840E-50EEB854F8C5}.Debug|Any CPU.Build.0 = Debug|Any CPU
		{4D24C791-991B-7417-840E-50EEB854F8C5}.Release|Any CPU.ActiveCfg = Release|Any CPU
		{4D24C791-991B-7417-840E-50EEB854F8C5}.Release|Any CPU.Build.0 = Release|Any CPU
		{C890B010-DAC2-6B25-0DEB-3EF6E4C0E1B2}.Debug|Any CPU.ActiveCfg = Debug|Any CPU
		{C890B010-DAC2-6B25-0DEB-3EF6E4C0E1B2}.Debug|Any CPU.Build.0 = Debug|Any CPU
		{C890B010-DAC2-6B25-0DEB-3EF6E4C0E1B2}.Release|Any CPU.ActiveCfg = Release|Any CPU
		{C890B010-DAC2-6B25-0DEB-3EF6E4C0E1B2}.Release|Any CPU.Build.0 = Release|Any CPU
		{BE2C4278-389A-1698-8934-C611598B9CBD}.Debug|Any CPU.ActiveCfg = Debug|Any CPU
		{BE2C4278-389A-1698-8934-C611598B9CBD}.Debug|Any CPU.Build.0 = Debug|Any CPU
		{BE2C4278-389A-1698-8934-C611598B9CBD}.Release|Any CPU.ActiveCfg = Release|Any CPU
		{BE2C4278-389A-1698-8934-C611598B9CBD}.Release|Any CPU.Build.0 = Release|Any CPU
		{20015515-4E98-8E58-3AB2-50B5563AFDCC}.Debug|Any CPU.ActiveCfg = Debug|Any CPU
		{20015515-4E98-8E58-3AB2-50B5563AFDCC}.Debug|Any CPU.Build.0 = Debug|Any CPU
		{20015515-4E98-8E58-3AB2-50B5563AFDCC}.Release|Any CPU.ActiveCfg = Release|Any CPU
		{20015515-4E98-8E58-3AB2-50B5563AFDCC}.Release|Any CPU.Build.0 = Release|Any CPU
		{F4EC422B-0DDA-69C8-FD9A-6A43BDE5989A}.Debug|Any CPU.ActiveCfg = Debug|Any CPU
		{F4EC422B-0DDA-69C8-FD9A-6A43BDE5989A}.Debug|Any CPU.Build.0 = Debug|Any CPU
		{F4EC422B-0DDA-69C8-FD9A-6A43BDE5989A}.Release|Any CPU.ActiveCfg = Release|Any CPU
		{F4EC422B-0DDA-69C8-FD9A-6A43BDE5989A}.Release|Any CPU.Build.0 = Release|Any CPU
		{EE100946-97C8-4981-448A-B3457681E1A4}.Debug|Any CPU.ActiveCfg = Debug|Any CPU
		{EE100946-97C8-4981-448A-B3457681E1A4}.Debug|Any CPU.Build.0 = Debug|Any CPU
		{EE100946-97C8-4981-448A-B3457681E1A4}.Release|Any CPU.ActiveCfg = Release|Any CPU
		{EE100946-97C8-4981-448A-B3457681E1A4}.Release|Any CPU.Build.0 = Release|Any CPU
		{E7A72C2B-4B8F-E58E-0D87-2453A2046CC2}.Debug|Any CPU.ActiveCfg = Debug|Any CPU
		{E7A72C2B-4B8F-E58E-0D87-2453A2046CC2}.Debug|Any CPU.Build.0 = Debug|Any CPU
		{E7A72C2B-4B8F-E58E-0D87-2453A2046CC2}.Release|Any CPU.ActiveCfg = Release|Any CPU
		{E7A72C2B-4B8F-E58E-0D87-2453A2046CC2}.Release|Any CPU.Build.0 = Release|Any CPU
		{83C48F9A-C12F-2921-26AB-96CFF47F9B29}.Debug|Any CPU.ActiveCfg = Debug|Any CPU
		{83C48F9A-C12F-2921-26AB-96CFF47F9B29}.Debug|Any CPU.Build.0 = Debug|Any CPU
		{83C48F9A-C12F-2921-26AB-96CFF47F9B29}.Release|Any CPU.ActiveCfg = Release|Any CPU
		{83C48F9A-C12F-2921-26AB-96CFF47F9B29}.Release|Any CPU.Build.0 = Release|Any CPU
		{793315F4-C584-1B28-160A-426FCB3DE780}.Debug|Any CPU.ActiveCfg = Debug|Any CPU
		{793315F4-C584-1B28-160A-426FCB3DE780}.Debug|Any CPU.Build.0 = Debug|Any CPU
		{793315F4-C584-1B28-160A-426FCB3DE780}.Release|Any CPU.ActiveCfg = Release|Any CPU
		{793315F4-C584-1B28-160A-426FCB3DE780}.Release|Any CPU.Build.0 = Release|Any CPU
		{DFCC516F-8C4A-0CDC-D206-320483716CEC}.Debug|Any CPU.ActiveCfg = Debug|Any CPU
		{DFCC516F-8C4A-0CDC-D206-320483716CEC}.Debug|Any CPU.Build.0 = Debug|Any CPU
		{DFCC516F-8C4A-0CDC-D206-320483716CEC}.Release|Any CPU.ActiveCfg = Release|Any CPU
		{DFCC516F-8C4A-0CDC-D206-320483716CEC}.Release|Any CPU.Build.0 = Release|Any CPU
		{62EC4DA0-FBB0-6C87-92DE-C1DB1DB53AD9}.Debug|Any CPU.ActiveCfg = Debug|Any CPU
		{62EC4DA0-FBB0-6C87-92DE-C1DB1DB53AD9}.Debug|Any CPU.Build.0 = Debug|Any CPU
		{62EC4DA0-FBB0-6C87-92DE-C1DB1DB53AD9}.Release|Any CPU.ActiveCfg = Release|Any CPU
		{62EC4DA0-FBB0-6C87-92DE-C1DB1DB53AD9}.Release|Any CPU.Build.0 = Release|Any CPU
		{38DD5F4D-0FA4-62E3-C828-4B87DF6EA99B}.Debug|Any CPU.ActiveCfg = Debug|Any CPU
		{38DD5F4D-0FA4-62E3-C828-4B87DF6EA99B}.Debug|Any CPU.Build.0 = Debug|Any CPU
		{38DD5F4D-0FA4-62E3-C828-4B87DF6EA99B}.Release|Any CPU.ActiveCfg = Release|Any CPU
		{38DD5F4D-0FA4-62E3-C828-4B87DF6EA99B}.Release|Any CPU.Build.0 = Release|Any CPU
		{F17CF056-2F29-F97A-C388-B41E62FAD8C8}.Debug|Any CPU.ActiveCfg = Debug|Any CPU
		{F17CF056-2F29-F97A-C388-B41E62FAD8C8}.Debug|Any CPU.Build.0 = Debug|Any CPU
		{F17CF056-2F29-F97A-C388-B41E62FAD8C8}.Release|Any CPU.ActiveCfg = Release|Any CPU
		{F17CF056-2F29-F97A-C388-B41E62FAD8C8}.Release|Any CPU.Build.0 = Release|Any CPU
		{C1E1E6FF-7625-A30C-8A90-534814122E28}.Debug|Any CPU.ActiveCfg = Debug|Any CPU
		{C1E1E6FF-7625-A30C-8A90-534814122E28}.Debug|Any CPU.Build.0 = Debug|Any CPU
		{C1E1E6FF-7625-A30C-8A90-534814122E28}.Release|Any CPU.ActiveCfg = Release|Any CPU
		{C1E1E6FF-7625-A30C-8A90-534814122E28}.Release|Any CPU.Build.0 = Release|Any CPU
		{6FBF4815-E1EE-227D-2AC2-483A310E283B}.Debug|Any CPU.ActiveCfg = Debug|Any CPU
		{6FBF4815-E1EE-227D-2AC2-483A310E283B}.Debug|Any CPU.Build.0 = Debug|Any CPU
		{6FBF4815-E1EE-227D-2AC2-483A310E283B}.Release|Any CPU.ActiveCfg = Release|Any CPU
		{6FBF4815-E1EE-227D-2AC2-483A310E283B}.Release|Any CPU.Build.0 = Release|Any CPU
		{E0EFC563-2976-4A3E-D98A-FA7D210EB0A1}.Debug|Any CPU.ActiveCfg = Debug|Any CPU
		{E0EFC563-2976-4A3E-D98A-FA7D210EB0A1}.Debug|Any CPU.Build.0 = Debug|Any CPU
		{E0EFC563-2976-4A3E-D98A-FA7D210EB0A1}.Release|Any CPU.ActiveCfg = Release|Any CPU
		{E0EFC563-2976-4A3E-D98A-FA7D210EB0A1}.Release|Any CPU.Build.0 = Release|Any CPU
		{67CF265C-F975-37B2-A1D5-597A6DF7F54F}.Debug|Any CPU.ActiveCfg = Debug|Any CPU
		{67CF265C-F975-37B2-A1D5-597A6DF7F54F}.Debug|Any CPU.Build.0 = Debug|Any CPU
		{67CF265C-F975-37B2-A1D5-597A6DF7F54F}.Release|Any CPU.ActiveCfg = Release|Any CPU
		{67CF265C-F975-37B2-A1D5-597A6DF7F54F}.Release|Any CPU.Build.0 = Release|Any CPU
		{E1FD4B33-0204-A203-D45A-307C828B5464}.Debug|Any CPU.ActiveCfg = Debug|Any CPU
		{E1FD4B33-0204-A203-D45A-307C828B5464}.Debug|Any CPU.Build.0 = Debug|Any CPU
		{E1FD4B33-0204-A203-D45A-307C828B5464}.Release|Any CPU.ActiveCfg = Release|Any CPU
		{E1FD4B33-0204-A203-D45A-307C828B5464}.Release|Any CPU.Build.0 = Release|Any CPU
		{A8831BA6-3868-9C15-8775-E33F6F60323E}.Debug|Any CPU.ActiveCfg = Debug|Any CPU
		{A8831BA6-3868-9C15-8775-E33F6F60323E}.Debug|Any CPU.Build.0 = Debug|Any CPU
		{A8831BA6-3868-9C15-8775-E33F6F60323E}.Release|Any CPU.ActiveCfg = Release|Any CPU
		{A8831BA6-3868-9C15-8775-E33F6F60323E}.Release|Any CPU.Build.0 = Release|Any CPU
		{B6A02989-0BBF-DCB8-2F59-FC5CAE4C8B1D}.Debug|Any CPU.ActiveCfg = Debug|Any CPU
		{B6A02989-0BBF-DCB8-2F59-FC5CAE4C8B1D}.Debug|Any CPU.Build.0 = Debug|Any CPU
		{B6A02989-0BBF-DCB8-2F59-FC5CAE4C8B1D}.Release|Any CPU.ActiveCfg = Release|Any CPU
		{B6A02989-0BBF-DCB8-2F59-FC5CAE4C8B1D}.Release|Any CPU.Build.0 = Release|Any CPU
		{32EAAEBF-6602-181D-4B89-C4EB7F224F65}.Debug|Any CPU.ActiveCfg = Debug|Any CPU
		{32EAAEBF-6602-181D-4B89-C4EB7F224F65}.Debug|Any CPU.Build.0 = Debug|Any CPU
		{32EAAEBF-6602-181D-4B89-C4EB7F224F65}.Release|Any CPU.ActiveCfg = Release|Any CPU
		{32EAAEBF-6602-181D-4B89-C4EB7F224F65}.Release|Any CPU.Build.0 = Release|Any CPU
		{493803BE-CFC5-BC8C-F6E2-94DEE29D6F0A}.Debug|Any CPU.ActiveCfg = Debug|Any CPU
		{493803BE-CFC5-BC8C-F6E2-94DEE29D6F0A}.Debug|Any CPU.Build.0 = Debug|Any CPU
		{493803BE-CFC5-BC8C-F6E2-94DEE29D6F0A}.Release|Any CPU.ActiveCfg = Release|Any CPU
		{493803BE-CFC5-BC8C-F6E2-94DEE29D6F0A}.Release|Any CPU.Build.0 = Release|Any CPU
		{7A97EBE3-3152-A2AA-EAD3-CFADF16E5225}.Debug|Any CPU.ActiveCfg = Debug|Any CPU
		{7A97EBE3-3152-A2AA-EAD3-CFADF16E5225}.Debug|Any CPU.Build.0 = Debug|Any CPU
		{7A97EBE3-3152-A2AA-EAD3-CFADF16E5225}.Release|Any CPU.ActiveCfg = Release|Any CPU
		{7A97EBE3-3152-A2AA-EAD3-CFADF16E5225}.Release|Any CPU.Build.0 = Release|Any CPU
		{8A944341-9804-9811-3639-6752A0A2665C}.Debug|Any CPU.ActiveCfg = Debug|Any CPU
		{8A944341-9804-9811-3639-6752A0A2665C}.Debug|Any CPU.Build.0 = Debug|Any CPU
		{8A944341-9804-9811-3639-6752A0A2665C}.Release|Any CPU.ActiveCfg = Release|Any CPU
		{8A944341-9804-9811-3639-6752A0A2665C}.Release|Any CPU.Build.0 = Release|Any CPU
		{C18099FB-F463-3313-1E01-9DE62033B78E}.Debug|Any CPU.ActiveCfg = Debug|Any CPU
		{C18099FB-F463-3313-1E01-9DE62033B78E}.Debug|Any CPU.Build.0 = Debug|Any CPU
		{C18099FB-F463-3313-1E01-9DE62033B78E}.Release|Any CPU.ActiveCfg = Release|Any CPU
		{C18099FB-F463-3313-1E01-9DE62033B78E}.Release|Any CPU.Build.0 = Release|Any CPU
		{802EFA44-E1AB-E5D3-5B17-734485CC783E}.Debug|Any CPU.ActiveCfg = Debug|Any CPU
		{802EFA44-E1AB-E5D3-5B17-734485CC783E}.Debug|Any CPU.Build.0 = Debug|Any CPU
		{802EFA44-E1AB-E5D3-5B17-734485CC783E}.Release|Any CPU.ActiveCfg = Release|Any CPU
		{802EFA44-E1AB-E5D3-5B17-734485CC783E}.Release|Any CPU.Build.0 = Release|Any CPU
		{9E4F16C6-9275-98A2-534A-B802CF5F9F10}.Debug|Any CPU.ActiveCfg = Debug|Any CPU
		{9E4F16C6-9275-98A2-534A-B802CF5F9F10}.Debug|Any CPU.Build.0 = Debug|Any CPU
		{9E4F16C6-9275-98A2-534A-B802CF5F9F10}.Release|Any CPU.ActiveCfg = Release|Any CPU
		{9E4F16C6-9275-98A2-534A-B802CF5F9F10}.Release|Any CPU.Build.0 = Release|Any CPU
		{64DBFBAB-81CF-A7AB-7C8E-F719E698F42F}.Debug|Any CPU.ActiveCfg = Debug|Any CPU
		{64DBFBAB-81CF-A7AB-7C8E-F719E698F42F}.Debug|Any CPU.Build.0 = Debug|Any CPU
		{64DBFBAB-81CF-A7AB-7C8E-F719E698F42F}.Release|Any CPU.ActiveCfg = Release|Any CPU
		{64DBFBAB-81CF-A7AB-7C8E-F719E698F42F}.Release|Any CPU.Build.0 = Release|Any CPU
		{D5FA0523-3E86-9C54-BD1F-462386491AAF}.Debug|Any CPU.ActiveCfg = Debug|Any CPU
		{D5FA0523-3E86-9C54-BD1F-462386491AAF}.Debug|Any CPU.Build.0 = Debug|Any CPU
		{D5FA0523-3E86-9C54-BD1F-462386491AAF}.Release|Any CPU.ActiveCfg = Release|Any CPU
		{D5FA0523-3E86-9C54-BD1F-462386491AAF}.Release|Any CPU.Build.0 = Release|Any CPU
		{9A24E588-11F2-70FC-0748-734B07CAD305}.Debug|Any CPU.ActiveCfg = Debug|Any CPU
		{9A24E588-11F2-70FC-0748-734B07CAD305}.Debug|Any CPU.Build.0 = Debug|Any CPU
		{9A24E588-11F2-70FC-0748-734B07CAD305}.Release|Any CPU.ActiveCfg = Release|Any CPU
		{9A24E588-11F2-70FC-0748-734B07CAD305}.Release|Any CPU.Build.0 = Release|Any CPU
		{E73B5F96-4434-0447-A4A6-261F12A810A2}.Debug|Any CPU.ActiveCfg = Debug|Any CPU
		{E73B5F96-4434-0447-A4A6-261F12A810A2}.Debug|Any CPU.Build.0 = Debug|Any CPU
		{E73B5F96-4434-0447-A4A6-261F12A810A2}.Release|Any CPU.ActiveCfg = Release|Any CPU
		{E73B5F96-4434-0447-A4A6-261F12A810A2}.Release|Any CPU.Build.0 = Release|Any CPU
		{27AAC5A5-E929-E306-422F-C3B1FC9562E1}.Debug|Any CPU.ActiveCfg = Debug|Any CPU
		{27AAC5A5-E929-E306-422F-C3B1FC9562E1}.Debug|Any CPU.Build.0 = Debug|Any CPU
		{27AAC5A5-E929-E306-422F-C3B1FC9562E1}.Release|Any CPU.ActiveCfg = Release|Any CPU
		{27AAC5A5-E929-E306-422F-C3B1FC9562E1}.Release|Any CPU.Build.0 = Release|Any CPU
		{C3013998-F56C-2FDB-8EEF-4A5618A5024B}.Debug|Any CPU.ActiveCfg = Debug|Any CPU
		{C3013998-F56C-2FDB-8EEF-4A5618A5024B}.Debug|Any CPU.Build.0 = Debug|Any CPU
		{C3013998-F56C-2FDB-8EEF-4A5618A5024B}.Release|Any CPU.ActiveCfg = Release|Any CPU
		{C3013998-F56C-2FDB-8EEF-4A5618A5024B}.Release|Any CPU.Build.0 = Release|Any CPU
		{886B372E-3F99-7547-0095-E761996DAEBB}.Debug|Any CPU.ActiveCfg = Debug|Any CPU
		{886B372E-3F99-7547-0095-E761996DAEBB}.Debug|Any CPU.Build.0 = Debug|Any CPU
		{886B372E-3F99-7547-0095-E761996DAEBB}.Release|Any CPU.ActiveCfg = Release|Any CPU
		{886B372E-3F99-7547-0095-E761996DAEBB}.Release|Any CPU.Build.0 = Release|Any CPU
		{691ACD18-C3F7-5A4E-9318-98FADA53E8DA}.Debug|Any CPU.ActiveCfg = Debug|Any CPU
		{691ACD18-C3F7-5A4E-9318-98FADA53E8DA}.Debug|Any CPU.Build.0 = Debug|Any CPU
		{691ACD18-C3F7-5A4E-9318-98FADA53E8DA}.Release|Any CPU.ActiveCfg = Release|Any CPU
		{691ACD18-C3F7-5A4E-9318-98FADA53E8DA}.Release|Any CPU.Build.0 = Release|Any CPU
		{CA642456-189E-FCE4-1335-09606F58D07E}.Debug|Any CPU.ActiveCfg = Debug|Any CPU
		{CA642456-189E-FCE4-1335-09606F58D07E}.Debug|Any CPU.Build.0 = Debug|Any CPU
		{CA642456-189E-FCE4-1335-09606F58D07E}.Release|Any CPU.ActiveCfg = Release|Any CPU
		{CA642456-189E-FCE4-1335-09606F58D07E}.Release|Any CPU.Build.0 = Release|Any CPU
		{C3640D41-FE28-A888-C1FF-FDFEBD009533}.Debug|Any CPU.ActiveCfg = Debug|Any CPU
		{C3640D41-FE28-A888-C1FF-FDFEBD009533}.Debug|Any CPU.Build.0 = Debug|Any CPU
		{C3640D41-FE28-A888-C1FF-FDFEBD009533}.Release|Any CPU.ActiveCfg = Release|Any CPU
		{C3640D41-FE28-A888-C1FF-FDFEBD009533}.Release|Any CPU.Build.0 = Release|Any CPU
		{C6736FEE-9595-D097-5066-5109E9AA6F53}.Debug|Any CPU.ActiveCfg = Debug|Any CPU
		{C6736FEE-9595-D097-5066-5109E9AA6F53}.Debug|Any CPU.Build.0 = Debug|Any CPU
		{C6736FEE-9595-D097-5066-5109E9AA6F53}.Release|Any CPU.ActiveCfg = Release|Any CPU
		{C6736FEE-9595-D097-5066-5109E9AA6F53}.Release|Any CPU.Build.0 = Release|Any CPU
		{A698C55C-9985-107C-ECC6-14A5576820E9}.Debug|Any CPU.ActiveCfg = Debug|Any CPU
		{A698C55C-9985-107C-ECC6-14A5576820E9}.Debug|Any CPU.Build.0 = Debug|Any CPU
		{A698C55C-9985-107C-ECC6-14A5576820E9}.Release|Any CPU.ActiveCfg = Release|Any CPU
		{A698C55C-9985-107C-ECC6-14A5576820E9}.Release|Any CPU.Build.0 = Release|Any CPU
		{4024A5E6-B525-E212-58DF-0E676F60F621}.Debug|Any CPU.ActiveCfg = Debug|Any CPU
		{4024A5E6-B525-E212-58DF-0E676F60F621}.Debug|Any CPU.Build.0 = Debug|Any CPU
		{4024A5E6-B525-E212-58DF-0E676F60F621}.Release|Any CPU.ActiveCfg = Release|Any CPU
		{4024A5E6-B525-E212-58DF-0E676F60F621}.Release|Any CPU.Build.0 = Release|Any CPU
	EndGlobalSection
	GlobalSection(SolutionProperties) = preSolution
		HideSolutionNode = FALSE
	EndGlobalSection
EndGlobal
