
Microsoft Visual Studio Solution File, Format Version 12.00
# Visual Studio 15
Project("{FAE04EC0-301F-11D3-BF4B-00C04F79EFBC}") = "UnityEngine.TestRunner", "UnityEngine.TestRunner.csproj", "{30DCC0A1-8DA9-AC87-E555-B09A3646E10C}"
EndProject
Project("{FAE04EC0-301F-11D3-BF4B-00C04F79EFBC}") = "Unity.Timeline", "Unity.Timeline.csproj", "{7B41C6F9-219D-A274-D0BC-FDF00DE2CF90}"
EndProject
Project("{FAE04EC0-301F-11D3-BF4B-00C04F79EFBC}") = "UnityEngine.UI", "UnityEngine.UI.csproj", "{5F033BC1-7895-0660-5951-9AA9EBA1A15B}"
EndProject
Project("{FAE04EC0-301F-11D3-BF4B-00C04F79EFBC}") = "Unity.TextMeshPro", "Unity.TextMeshPro.csproj", "{11BA4CD3-5A83-48D8-A878-B050C409AC91}"
EndProject
Project("{FAE04EC0-301F-11D3-BF4B-00C04F79EFBC}") = "Assembly-CSharp", "Assembly-CSharp.csproj", "{B3C401E3-0B46-F31E-904E-DC08456CB035}"
EndProject
Project("{FAE04EC0-301F-11D3-BF4B-00C04F79EFBC}") = "UnityEditor.TestRunner", "UnityEditor.TestRunner.csproj", "{716F6779-1A05-5127-1AC8-7F559705E8AA}"
EndProject
Project("{FAE04EC0-301F-11D3-BF4B-00C04F79EFBC}") = "Unity.PlasticSCM.Editor", "Unity.PlasticSCM.Editor.csproj", "{609B18B5-4C13-873C-A030-990196F7C49A}"
EndProject
Project("{FAE04EC0-301F-11D3-BF4B-00C04F79EFBC}") = "UnityEditor.UI", "UnityEditor.UI.csproj", "{27EF543E-093A-8A68-15C9-8AC2CDBFF992}"
EndProject
Project("{FAE04EC0-301F-11D3-BF4B-00C04F79EFBC}") = "Unity.Services.Core.Editor", "Unity.Services.Core.Editor.csproj", "{06C3455C-D604-971C-E52D-61C0354E7F36}"
EndProject
Project("{FAE04EC0-301F-11D3-BF4B-00C04F79EFBC}") = "Unity.Timeline.Editor", "Unity.Timeline.Editor.csproj", "{3EFE3024-8164-0886-30C8-EF120DE245A3}"
EndProject
Project("{FAE04EC0-301F-11D3-BF4B-00C04F79EFBC}") = "Unity.VisualStudio.Editor", "Unity.VisualStudio.Editor.csproj", "{115D2430-843B-2E20-9C3C-5FDB691F3FAE}"
EndProject
Project("{FAE04EC0-301F-11D3-BF4B-00C04F79EFBC}") = "Unity.TextMeshPro.Editor", "Unity.TextMeshPro.Editor.csproj", "{24140E03-302B-204A-34C7-EC57EB44DCC8}"
EndProject
Project("{FAE04EC0-301F-11D3-BF4B-00C04F79EFBC}") = "Unity.CollabProxy.Editor", "Unity.CollabProxy.Editor.csproj", "{B4F904CE-B4C6-65D3-5A88-30E19DC67519}"
EndProject
Project("{FAE04EC0-301F-11D3-BF4B-00C04F79EFBC}") = "Unity.Rider.Editor", "Unity.Rider.Editor.csproj", "{AF9A9833-2445-203F-78CC-F3901C138F5A}"
EndProject
Project("{FAE04EC0-301F-11D3-BF4B-00C04F79EFBC}") = "Unity.VSCode.Editor", "Unity.VSCode.Editor.csproj", "{E792BF82-0972-7E99-A4E7-112CAC5841B4}"
EndProject
Project("{FAE04EC0-301F-11D3-BF4B-00C04F79EFBC}") = "UnityEngine.TestRunner", "UnityEngine.TestRunner.Player.csproj", "{1DBE5D13-35AD-D20B-C9F0-DE9C0F9E99FE}"
EndProject
Project("{FAE04EC0-301F-11D3-BF4B-00C04F79EFBC}") = "Unity.Timeline", "Unity.Timeline.Player.csproj", "{E3759DBE-6A87-9340-A61E-FA649027AD8F}"
EndProject
Project("{FAE04EC0-301F-11D3-BF4B-00C04F79EFBC}") = "UnityEngine.UI", "UnityEngine.UI.Player.csproj", "{1DAA4A83-8BB6-6EA1-C15C-68CDDEECCC3E}"
EndProject
Project("{FAE04EC0-301F-11D3-BF4B-00C04F79EFBC}") = "Unity.TextMeshPro", "Unity.TextMeshPro.Player.csproj", "{42EAC068-56AB-7C3C-0ED3-C4818A8DCF11}"
EndProject
Project("{FAE04EC0-301F-11D3-BF4B-00C04F79EFBC}") = "Assembly-CSharp", "Assembly-CSharp.Player.csproj", "{3252A54C-8082-F487-AD69-1479FA866F0A}"
EndProject
Global
	GlobalSection(SolutionConfigurationPlatforms) = preSolution
		Debug|Any CPU = Debug|Any CPU
		Release|Any CPU = Release|Any CPU
	EndGlobalSection
	GlobalSection(ProjectConfigurationPlatforms) = postSolution
		{30DCC0A1-8DA9-AC87-E555-B09A3646E10C}.Debug|Any CPU.ActiveCfg = Debug|Any CPU
		{30DCC0A1-8DA9-AC87-E555-B09A3646E10C}.Debug|Any CPU.Build.0 = Debug|Any CPU
		{30DCC0A1-8DA9-AC87-E555-B09A3646E10C}.Release|Any CPU.ActiveCfg = Release|Any CPU
		{30DCC0A1-8DA9-AC87-E555-B09A3646E10C}.Release|Any CPU.Build.0 = Release|Any CPU
		{7B41C6F9-219D-A274-D0BC-FDF00DE2CF90}.Debug|Any CPU.ActiveCfg = Debug|Any CPU
		{7B41C6F9-219D-A274-D0BC-FDF00DE2CF90}.Debug|Any CPU.Build.0 = Debug|Any CPU
		{7B41C6F9-219D-A274-D0BC-FDF00DE2CF90}.Release|Any CPU.ActiveCfg = Release|Any CPU
		{7B41C6F9-219D-A274-D0BC-FDF00DE2CF90}.Release|Any CPU.Build.0 = Release|Any CPU
		{5F033BC1-7895-0660-5951-9AA9EBA1A15B}.Debug|Any CPU.ActiveCfg = Debug|Any CPU
		{5F033BC1-7895-0660-5951-9AA9EBA1A15B}.Debug|Any CPU.Build.0 = Debug|Any CPU
		{5F033BC1-7895-0660-5951-9AA9EBA1A15B}.Release|Any CPU.ActiveCfg = Release|Any CPU
		{5F033BC1-7895-0660-5951-9AA9EBA1A15B}.Release|Any CPU.Build.0 = Release|Any CPU
		{11BA4CD3-5A83-48D8-A878-B050C409AC91}.Debug|Any CPU.ActiveCfg = Debug|Any CPU
		{11BA4CD3-5A83-48D8-A878-B050C409AC91}.Debug|Any CPU.Build.0 = Debug|Any CPU
		{11BA4CD3-5A83-48D8-A878-B050C409AC91}.Release|Any CPU.ActiveCfg = Release|Any CPU
		{11BA4CD3-5A83-48D8-A878-B050C409AC91}.Release|Any CPU.Build.0 = Release|Any CPU
		{B3C401E3-0B46-F31E-904E-DC08456CB035}.Debug|Any CPU.ActiveCfg = Debug|Any CPU
		{B3C401E3-0B46-F31E-904E-DC08456CB035}.Debug|Any CPU.Build.0 = Debug|Any CPU
		{B3C401E3-0B46-F31E-904E-DC08456CB035}.Release|Any CPU.ActiveCfg = Release|Any CPU
		{B3C401E3-0B46-F31E-904E-DC08456CB035}.Release|Any CPU.Build.0 = Release|Any CPU
		{716F6779-1A05-5127-1AC8-7F559705E8AA}.Debug|Any CPU.ActiveCfg = Debug|Any CPU
		{716F6779-1A05-5127-1AC8-7F559705E8AA}.Debug|Any CPU.Build.0 = Debug|Any CPU
		{716F6779-1A05-5127-1AC8-7F559705E8AA}.Release|Any CPU.ActiveCfg = Release|Any CPU
		{716F6779-1A05-5127-1AC8-7F559705E8AA}.Release|Any CPU.Build.0 = Release|Any CPU
		{609B18B5-4C13-873C-A030-990196F7C49A}.Debug|Any CPU.ActiveCfg = Debug|Any CPU
		{609B18B5-4C13-873C-A030-990196F7C49A}.Debug|Any CPU.Build.0 = Debug|Any CPU
		{609B18B5-4C13-873C-A030-990196F7C49A}.Release|Any CPU.ActiveCfg = Release|Any CPU
		{609B18B5-4C13-873C-A030-990196F7C49A}.Release|Any CPU.Build.0 = Release|Any CPU
		{27EF543E-093A-8A68-15C9-8AC2CDBFF992}.Debug|Any CPU.ActiveCfg = Debug|Any CPU
		{27EF543E-093A-8A68-15C9-8AC2CDBFF992}.Debug|Any CPU.Build.0 = Debug|Any CPU
		{27EF543E-093A-8A68-15C9-8AC2CDBFF992}.Release|Any CPU.ActiveCfg = Release|Any CPU
		{27EF543E-093A-8A68-15C9-8AC2CDBFF992}.Release|Any CPU.Build.0 = Release|Any CPU
		{06C3455C-D604-971C-E52D-61C0354E7F36}.Debug|Any CPU.ActiveCfg = Debug|Any CPU
		{06C3455C-D604-971C-E52D-61C0354E7F36}.Debug|Any CPU.Build.0 = Debug|Any CPU
		{06C3455C-D604-971C-E52D-61C0354E7F36}.Release|Any CPU.ActiveCfg = Release|Any CPU
		{06C3455C-D604-971C-E52D-61C0354E7F36}.Release|Any CPU.Build.0 = Release|Any CPU
		{3EFE3024-8164-0886-30C8-EF120DE245A3}.Debug|Any CPU.ActiveCfg = Debug|Any CPU
		{3EFE3024-8164-0886-30C8-EF120DE245A3}.Debug|Any CPU.Build.0 = Debug|Any CPU
		{3EFE3024-8164-0886-30C8-EF120DE245A3}.Release|Any CPU.ActiveCfg = Release|Any CPU
		{3EFE3024-8164-0886-30C8-EF120DE245A3}.Release|Any CPU.Build.0 = Release|Any CPU
		{115D2430-843B-2E20-9C3C-5FDB691F3FAE}.Debug|Any CPU.ActiveCfg = Debug|Any CPU
		{115D2430-843B-2E20-9C3C-5FDB691F3FAE}.Debug|Any CPU.Build.0 = Debug|Any CPU
		{115D2430-843B-2E20-9C3C-5FDB691F3FAE}.Release|Any CPU.ActiveCfg = Release|Any CPU
		{115D2430-843B-2E20-9C3C-5FDB691F3FAE}.Release|Any CPU.Build.0 = Release|Any CPU
		{24140E03-302B-204A-34C7-EC57EB44DCC8}.Debug|Any CPU.ActiveCfg = Debug|Any CPU
		{24140E03-302B-204A-34C7-EC57EB44DCC8}.Debug|Any CPU.Build.0 = Debug|Any CPU
		{24140E03-302B-204A-34C7-EC57EB44DCC8}.Release|Any CPU.ActiveCfg = Release|Any CPU
		{24140E03-302B-204A-34C7-EC57EB44DCC8}.Release|Any CPU.Build.0 = Release|Any CPU
		{B4F904CE-B4C6-65D3-5A88-30E19DC67519}.Debug|Any CPU.ActiveCfg = Debug|Any CPU
		{B4F904CE-B4C6-65D3-5A88-30E19DC67519}.Debug|Any CPU.Build.0 = Debug|Any CPU
		{B4F904CE-B4C6-65D3-5A88-30E19DC67519}.Release|Any CPU.ActiveCfg = Release|Any CPU
		{B4F904CE-B4C6-65D3-5A88-30E19DC67519}.Release|Any CPU.Build.0 = Release|Any CPU
		{AF9A9833-2445-203F-78CC-F3901C138F5A}.Debug|Any CPU.ActiveCfg = Debug|Any CPU
		{AF9A9833-2445-203F-78CC-F3901C138F5A}.Debug|Any CPU.Build.0 = Debug|Any CPU
		{AF9A9833-2445-203F-78CC-F3901C138F5A}.Release|Any CPU.ActiveCfg = Release|Any CPU
		{AF9A9833-2445-203F-78CC-F3901C138F5A}.Release|Any CPU.Build.0 = Release|Any CPU
		{E792BF82-0972-7E99-A4E7-112CAC5841B4}.Debug|Any CPU.ActiveCfg = Debug|Any CPU
		{E792BF82-0972-7E99-A4E7-112CAC5841B4}.Debug|Any CPU.Build.0 = Debug|Any CPU
		{E792BF82-0972-7E99-A4E7-112CAC5841B4}.Release|Any CPU.ActiveCfg = Release|Any CPU
		{E792BF82-0972-7E99-A4E7-112CAC5841B4}.Release|Any CPU.Build.0 = Release|Any CPU
		{1DBE5D13-35AD-D20B-C9F0-DE9C0F9E99FE}.Debug|Any CPU.ActiveCfg = Debug|Any CPU
		{1DBE5D13-35AD-D20B-C9F0-DE9C0F9E99FE}.Debug|Any CPU.Build.0 = Debug|Any CPU
		{1DBE5D13-35AD-D20B-C9F0-DE9C0F9E99FE}.Release|Any CPU.ActiveCfg = Release|Any CPU
		{1DBE5D13-35AD-D20B-C9F0-DE9C0F9E99FE}.Release|Any CPU.Build.0 = Release|Any CPU
		{E3759DBE-6A87-9340-A61E-FA649027AD8F}.Debug|Any CPU.ActiveCfg = Debug|Any CPU
		{E3759DBE-6A87-9340-A61E-FA649027AD8F}.Debug|Any CPU.Build.0 = Debug|Any CPU
		{E3759DBE-6A87-9340-A61E-FA649027AD8F}.Release|Any CPU.ActiveCfg = Release|Any CPU
		{E3759DBE-6A87-9340-A61E-FA649027AD8F}.Release|Any CPU.Build.0 = Release|Any CPU
		{1DAA4A83-8BB6-6EA1-C15C-68CDDEECCC3E}.Debug|Any CPU.ActiveCfg = Debug|Any CPU
		{1DAA4A83-8BB6-6EA1-C15C-68CDDEECCC3E}.Debug|Any CPU.Build.0 = Debug|Any CPU
		{1DAA4A83-8BB6-6EA1-C15C-68CDDEECCC3E}.Release|Any CPU.ActiveCfg = Release|Any CPU
		{1DAA4A83-8BB6-6EA1-C15C-68CDDEECCC3E}.Release|Any CPU.Build.0 = Release|Any CPU
		{42EAC068-56AB-7C3C-0ED3-C4818A8DCF11}.Debug|Any CPU.ActiveCfg = Debug|Any CPU
		{42EAC068-56AB-7C3C-0ED3-C4818A8DCF11}.Debug|Any CPU.Build.0 = Debug|Any CPU
		{42EAC068-56AB-7C3C-0ED3-C4818A8DCF11}.Release|Any CPU.ActiveCfg = Release|Any CPU
		{42EAC068-56AB-7C3C-0ED3-C4818A8DCF11}.Release|Any CPU.Build.0 = Release|Any CPU
		{3252A54C-8082-F487-AD69-1479FA866F0A}.Debug|Any CPU.ActiveCfg = Debug|Any CPU
		{3252A54C-8082-F487-AD69-1479FA866F0A}.Debug|Any CPU.Build.0 = Debug|Any CPU
		{3252A54C-8082-F487-AD69-1479FA866F0A}.Release|Any CPU.ActiveCfg = Release|Any CPU
		{3252A54C-8082-F487-AD69-1479FA866F0A}.Release|Any CPU.Build.0 = Release|Any CPU
	EndGlobalSection
	GlobalSection(SolutionProperties) = preSolution
		HideSolutionNode = FALSE
	EndGlobalSection
EndGlobal
