
Microsoft Visual Studio Solution File, Format Version 12.00
# Visual Studio 15
Project("{FAE04EC0-301F-11D3-BF4B-00C04F79EFBC}") = "UnityEngine.TestRunner", "UnityEngine.TestRunner.csproj", "{6739EAC9-3DFB-C172-05F1-4C4BD59CFD2F}"
EndProject
Project("{FAE04EC0-301F-11D3-BF4B-00C04F79EFBC}") = "Unity.Mathematics", "Unity.Mathematics.csproj", "{8F12CF2A-8901-4DC6-8356-5F5ED66264A5}"
EndProject
Project("{FAE04EC0-301F-11D3-BF4B-00C04F79EFBC}") = "Unity.Timeline", "Unity.Timeline.csproj", "{AD86037B-A880-4213-51D6-7526E5976570}"
EndProject
Project("{FAE04EC0-301F-11D3-BF4B-00C04F79EFBC}") = "UnityEngine.UI", "UnityEngine.UI.csproj", "{E99F444B-EA92-2EF1-0E2E-B6F20BCFDF84}"
EndProject
Project("{FAE04EC0-301F-11D3-BF4B-00C04F79EFBC}") = "Unity.TextMeshPro", "Unity.TextMeshPro.csproj", "{336129D1-24E4-7772-A83D-8BC53F04132F}"
EndProject
Project("{FAE04EC0-301F-11D3-BF4B-00C04F79EFBC}") = "Unity.2D.Animation.Runtime", "Unity.2D.Animation.Runtime.csproj", "{B4906258-E4A4-1FB7-96CF-0F07AEF671B3}"
EndProject
Project("{FAE04EC0-301F-11D3-BF4B-00C04F79EFBC}") = "Unity.2D.IK.Runtime", "Unity.2D.IK.Runtime.csproj", "{A31BF029-CEC9-C1BD-E546-593D190E1A9E}"
EndProject
Project("{FAE04EC0-301F-11D3-BF4B-00C04F79EFBC}") = "Unity.2D.SpriteShape.Runtime", "Unity.2D.SpriteShape.Runtime.csproj", "{ACF526A5-1BD5-05F6-CDB0-67F65D8DD93B}"
EndProject
Project("{FAE04EC0-301F-11D3-BF4B-00C04F79EFBC}") = "Unity.2D.PixelPerfect", "Unity.2D.PixelPerfect.csproj", "{1867E501-B9F0-7EF3-7EC7-C469AF98BC48}"
EndProject
Project("{FAE04EC0-301F-11D3-BF4B-00C04F79EFBC}") = "Unity.2D.Common.Runtime", "Unity.2D.Common.Runtime.csproj", "{F7E5E625-2451-67B2-47BA-4D02E0FFEC0B}"
EndProject
Project("{FAE04EC0-301F-11D3-BF4B-00C04F79EFBC}") = "Assembly-CSharp", "Assembly-CSharp.csproj", "{794466EE-382B-1AB3-F86B-66B232260330}"
EndProject
Project("{FAE04EC0-301F-11D3-BF4B-00C04F79EFBC}") = "Unity.InternalAPIEngineBridge.001", "Unity.InternalAPIEngineBridge.001.csproj", "{38D38564-9CF4-E808-160C-FFA89C19969F}"
EndProject
Project("{FAE04EC0-301F-11D3-BF4B-00C04F79EFBC}") = "UnityEditor.TestRunner", "UnityEditor.TestRunner.csproj", "{0CBDAE62-1A90-26D1-3CC2-48B44E46B323}"
EndProject
Project("{FAE04EC0-301F-11D3-BF4B-00C04F79EFBC}") = "Unity.PlasticSCM.Editor", "Unity.PlasticSCM.Editor.csproj", "{5287B50C-DE45-7A2A-F90A-D9CB355833BF}"
EndProject
Project("{FAE04EC0-301F-11D3-BF4B-00C04F79EFBC}") = "Unity.2D.Animation.Triangle.Editor", "Unity.2D.Animation.Triangle.Editor.csproj", "{2A64BB44-6467-BA91-DFE0-B6FEE182987C}"
EndProject
Project("{FAE04EC0-301F-11D3-BF4B-00C04F79EFBC}") = "UnityEditor.UI", "UnityEditor.UI.csproj", "{7305D38A-7D1F-E971-EF4C-8AACC95F4C6E}"
EndProject
Project("{FAE04EC0-301F-11D3-BF4B-00C04F79EFBC}") = "Unity.Services.Core.Editor", "Unity.Services.Core.Editor.csproj", "{6278E008-D24B-6629-2499-E2CA14F568DF}"
EndProject
Project("{FAE04EC0-301F-11D3-BF4B-00C04F79EFBC}") = "Unity.Timeline.Editor", "Unity.Timeline.Editor.csproj", "{C88DA5B1-85A3-EA15-2491-88BE66D6DE7D}"
EndProject
Project("{FAE04EC0-301F-11D3-BF4B-00C04F79EFBC}") = "Unity.VisualStudio.Editor", "Unity.VisualStudio.Editor.csproj", "{AABEC578-AC8B-55D2-EA73-A5BC07AEA37F}"
EndProject
Project("{FAE04EC0-301F-11D3-BF4B-00C04F79EFBC}") = "Unity.2D.Psdimporter.Editor", "Unity.2D.Psdimporter.Editor.csproj", "{684E78EC-185F-8C69-C8AF-7ED2E86673C8}"
EndProject
Project("{FAE04EC0-301F-11D3-BF4B-00C04F79EFBC}") = "Unity.2D.Animation.Editor", "Unity.2D.Animation.Editor.csproj", "{61C54389-D7ED-3456-6050-AB180CE036D4}"
EndProject
Project("{FAE04EC0-301F-11D3-BF4B-00C04F79EFBC}") = "Unity.TextMeshPro.Editor", "Unity.TextMeshPro.Editor.csproj", "{41CD72CC-C769-E772-6754-45CD8A7C0F39}"
EndProject
Project("{FAE04EC0-301F-11D3-BF4B-00C04F79EFBC}") = "Unity.2D.SpriteShape.Editor", "Unity.2D.SpriteShape.Editor.csproj", "{7B22759C-CD6A-B804-4AB5-1F564509A408}"
EndProject
Project("{FAE04EC0-301F-11D3-BF4B-00C04F79EFBC}") = "Unity.CollabProxy.Editor", "Unity.CollabProxy.Editor.csproj", "{4036A424-6F17-2DB7-AC9B-C098FB7D5AD8}"
EndProject
Project("{FAE04EC0-301F-11D3-BF4B-00C04F79EFBC}") = "PsdPlugin", "PsdPlugin.csproj", "{9546D0D8-271E-847E-2796-D6CEE7FB3BE9}"
EndProject
Project("{FAE04EC0-301F-11D3-BF4B-00C04F79EFBC}") = "Unity.2D.Path.Editor", "Unity.2D.Path.Editor.csproj", "{7D9DC6D7-93A8-D972-B7B0-8C0A55B60F76}"
EndProject
Project("{FAE04EC0-301F-11D3-BF4B-00C04F79EFBC}") = "Unity.Rider.Editor", "Unity.Rider.Editor.csproj", "{1C8AF7D3-F53B-99F9-BB3B-C834EC844521}"
EndProject
Project("{FAE04EC0-301F-11D3-BF4B-00C04F79EFBC}") = "Unity.2D.IK.Editor", "Unity.2D.IK.Editor.csproj", "{0DDC0DB3-D9F8-2259-E564-2A29850B4177}"
EndProject
Project("{FAE04EC0-301F-11D3-BF4B-00C04F79EFBC}") = "Unity.2D.Sprite.Editor", "Unity.2D.Sprite.Editor.csproj", "{CAF00F83-942F-0987-D154-8DEB87581468}"
EndProject
Project("{FAE04EC0-301F-11D3-BF4B-00C04F79EFBC}") = "Unity.2D.Tilemap.Editor", "Unity.2D.Tilemap.Editor.csproj", "{20B1B45E-67F2-B727-9DAE-DF18AD2D00B5}"
EndProject
Project("{FAE04EC0-301F-11D3-BF4B-00C04F79EFBC}") = "Unity.2D.PixelPerfect.Editor", "Unity.2D.PixelPerfect.Editor.csproj", "{FA1E59FC-9C6E-13F1-F351-EFA61EB3F943}"
EndProject
Project("{FAE04EC0-301F-11D3-BF4B-00C04F79EFBC}") = "Unity.VSCode.Editor", "Unity.VSCode.Editor.csproj", "{E217C2C5-C6BD-550A-8ABE-5B8E1A880C12}"
EndProject
Project("{FAE04EC0-301F-11D3-BF4B-00C04F79EFBC}") = "Unity.2D.Common.Editor", "Unity.2D.Common.Editor.csproj", "{1F19445C-EF51-56D8-C74B-7F8FD97E9524}"
EndProject
Project("{FAE04EC0-301F-11D3-BF4B-00C04F79EFBC}") = "Unity.Mathematics.Editor", "Unity.Mathematics.Editor.csproj", "{1F04A56E-3410-8B5C-01B9-80FB9BDB478F}"
EndProject
Project("{FAE04EC0-301F-11D3-BF4B-00C04F79EFBC}") = "Unity.InternalAPIEditorBridge.001", "Unity.InternalAPIEditorBridge.001.csproj", "{0EFB31F7-B226-8FF8-3846-51B1602C9DA5}"
EndProject
Project("{FAE04EC0-301F-11D3-BF4B-00C04F79EFBC}") = "UnityEngine.TestRunner", "UnityEngine.TestRunner.Player.csproj", "{87AC64FC-F0FC-E9BD-4179-A7FF8843782A}"
EndProject
Project("{FAE04EC0-301F-11D3-BF4B-00C04F79EFBC}") = "Unity.Mathematics", "Unity.Mathematics.Player.csproj", "{74AC9ED9-AB9C-8C6B-49AB-C06ECA9D6DBB}"
EndProject
Project("{FAE04EC0-301F-11D3-BF4B-00C04F79EFBC}") = "Unity.Timeline", "Unity.Timeline.Player.csproj", "{FD8FAFA5-BEFC-4F72-3325-50437FC595B1}"
EndProject
Project("{FAE04EC0-301F-11D3-BF4B-00C04F79EFBC}") = "UnityEngine.UI", "UnityEngine.UI.Player.csproj", "{FA4D08A3-FBEC-7FA3-C107-1A1CC2481C14}"
EndProject
Project("{FAE04EC0-301F-11D3-BF4B-00C04F79EFBC}") = "Unity.TextMeshPro", "Unity.TextMeshPro.Player.csproj", "{5C1E2DF6-DEAF-078F-FF8B-8DEA1B6DD6BD}"
EndProject
Project("{FAE04EC0-301F-11D3-BF4B-00C04F79EFBC}") = "Unity.2D.Animation.Runtime", "Unity.2D.Animation.Runtime.Player.csproj", "{A798BF29-9CAF-0C43-3C79-9CA4E4D12E43}"
EndProject
Project("{FAE04EC0-301F-11D3-BF4B-00C04F79EFBC}") = "Unity.2D.IK.Runtime", "Unity.2D.IK.Runtime.Player.csproj", "{5D410502-78D3-C0A4-72AE-A1356D2F99DE}"
EndProject
Project("{FAE04EC0-301F-11D3-BF4B-00C04F79EFBC}") = "Unity.2D.SpriteShape.Runtime", "Unity.2D.SpriteShape.Runtime.Player.csproj", "{0AEDB0C2-4967-F607-AA17-4E616DA79F76}"
EndProject
Project("{FAE04EC0-301F-11D3-BF4B-00C04F79EFBC}") = "Unity.2D.PixelPerfect", "Unity.2D.PixelPerfect.Player.csproj", "{46B0022D-E65D-C781-A2F6-BBBEA5799ADA}"
EndProject
Project("{FAE04EC0-301F-11D3-BF4B-00C04F79EFBC}") = "Unity.2D.Common.Runtime", "Unity.2D.Common.Runtime.Player.csproj", "{45A98AFD-2C24-729B-9729-4D67E8D92874}"
EndProject
Project("{FAE04EC0-301F-11D3-BF4B-00C04F79EFBC}") = "Assembly-CSharp", "Assembly-CSharp.Player.csproj", "{82636517-6BF6-A6EC-8526-4F801AC2E53F}"
EndProject
Project("{FAE04EC0-301F-11D3-BF4B-00C04F79EFBC}") = "Unity.InternalAPIEngineBridge.001", "Unity.InternalAPIEngineBridge.001.Player.csproj", "{DF5622EE-7DE4-038B-9905-65EE5B75809F}"
EndProject
Global
	GlobalSection(SolutionConfigurationPlatforms) = preSolution
		Debug|Any CPU = Debug|Any CPU
		Release|Any CPU = Release|Any CPU
	EndGlobalSection
	GlobalSection(ProjectConfigurationPlatforms) = postSolution
		{6739EAC9-3DFB-C172-05F1-4C4BD59CFD2F}.Debug|Any CPU.ActiveCfg = Debug|Any CPU
		{6739EAC9-3DFB-C172-05F1-4C4BD59CFD2F}.Debug|Any CPU.Build.0 = Debug|Any CPU
		{6739EAC9-3DFB-C172-05F1-4C4BD59CFD2F}.Release|Any CPU.ActiveCfg = Release|Any CPU
		{6739EAC9-3DFB-C172-05F1-4C4BD59CFD2F}.Release|Any CPU.Build.0 = Release|Any CPU
		{8F12CF2A-8901-4DC6-8356-5F5ED66264A5}.Debug|Any CPU.ActiveCfg = Debug|Any CPU
		{8F12CF2A-8901-4DC6-8356-5F5ED66264A5}.Debug|Any CPU.Build.0 = Debug|Any CPU
		{8F12CF2A-8901-4DC6-8356-5F5ED66264A5}.Release|Any CPU.ActiveCfg = Release|Any CPU
		{8F12CF2A-8901-4DC6-8356-5F5ED66264A5}.Release|Any CPU.Build.0 = Release|Any CPU
		{AD86037B-A880-4213-51D6-7526E5976570}.Debug|Any CPU.ActiveCfg = Debug|Any CPU
		{AD86037B-A880-4213-51D6-7526E5976570}.Debug|Any CPU.Build.0 = Debug|Any CPU
		{AD86037B-A880-4213-51D6-7526E5976570}.Release|Any CPU.ActiveCfg = Release|Any CPU
		{AD86037B-A880-4213-51D6-7526E5976570}.Release|Any CPU.Build.0 = Release|Any CPU
		{E99F444B-EA92-2EF1-0E2E-B6F20BCFDF84}.Debug|Any CPU.ActiveCfg = Debug|Any CPU
		{E99F444B-EA92-2EF1-0E2E-B6F20BCFDF84}.Debug|Any CPU.Build.0 = Debug|Any CPU
		{E99F444B-EA92-2EF1-0E2E-B6F20BCFDF84}.Release|Any CPU.ActiveCfg = Release|Any CPU
		{E99F444B-EA92-2EF1-0E2E-B6F20BCFDF84}.Release|Any CPU.Build.0 = Release|Any CPU
		{336129D1-24E4-7772-A83D-8BC53F04132F}.Debug|Any CPU.ActiveCfg = Debug|Any CPU
		{336129D1-24E4-7772-A83D-8BC53F04132F}.Debug|Any CPU.Build.0 = Debug|Any CPU
		{336129D1-24E4-7772-A83D-8BC53F04132F}.Release|Any CPU.ActiveCfg = Release|Any CPU
		{336129D1-24E4-7772-A83D-8BC53F04132F}.Release|Any CPU.Build.0 = Release|Any CPU
		{B4906258-E4A4-1FB7-96CF-0F07AEF671B3}.Debug|Any CPU.ActiveCfg = Debug|Any CPU
		{B4906258-E4A4-1FB7-96CF-0F07AEF671B3}.Debug|Any CPU.Build.0 = Debug|Any CPU
		{B4906258-E4A4-1FB7-96CF-0F07AEF671B3}.Release|Any CPU.ActiveCfg = Release|Any CPU
		{B4906258-E4A4-1FB7-96CF-0F07AEF671B3}.Release|Any CPU.Build.0 = Release|Any CPU
		{A31BF029-CEC9-C1BD-E546-593D190E1A9E}.Debug|Any CPU.ActiveCfg = Debug|Any CPU
		{A31BF029-CEC9-C1BD-E546-593D190E1A9E}.Debug|Any CPU.Build.0 = Debug|Any CPU
		{A31BF029-CEC9-C1BD-E546-593D190E1A9E}.Release|Any CPU.ActiveCfg = Release|Any CPU
		{A31BF029-CEC9-C1BD-E546-593D190E1A9E}.Release|Any CPU.Build.0 = Release|Any CPU
		{ACF526A5-1BD5-05F6-CDB0-67F65D8DD93B}.Debug|Any CPU.ActiveCfg = Debug|Any CPU
		{ACF526A5-1BD5-05F6-CDB0-67F65D8DD93B}.Debug|Any CPU.Build.0 = Debug|Any CPU
		{ACF526A5-1BD5-05F6-CDB0-67F65D8DD93B}.Release|Any CPU.ActiveCfg = Release|Any CPU
		{ACF526A5-1BD5-05F6-CDB0-67F65D8DD93B}.Release|Any CPU.Build.0 = Release|Any CPU
		{1867E501-B9F0-7EF3-7EC7-C469AF98BC48}.Debug|Any CPU.ActiveCfg = Debug|Any CPU
		{1867E501-B9F0-7EF3-7EC7-C469AF98BC48}.Debug|Any CPU.Build.0 = Debug|Any CPU
		{1867E501-B9F0-7EF3-7EC7-C469AF98BC48}.Release|Any CPU.ActiveCfg = Release|Any CPU
		{1867E501-B9F0-7EF3-7EC7-C469AF98BC48}.Release|Any CPU.Build.0 = Release|Any CPU
		{F7E5E625-2451-67B2-47BA-4D02E0FFEC0B}.Debug|Any CPU.ActiveCfg = Debug|Any CPU
		{F7E5E625-2451-67B2-47BA-4D02E0FFEC0B}.Debug|Any CPU.Build.0 = Debug|Any CPU
		{F7E5E625-2451-67B2-47BA-4D02E0FFEC0B}.Release|Any CPU.ActiveCfg = Release|Any CPU
		{F7E5E625-2451-67B2-47BA-4D02E0FFEC0B}.Release|Any CPU.Build.0 = Release|Any CPU
		{794466EE-382B-1AB3-F86B-66B232260330}.Debug|Any CPU.ActiveCfg = Debug|Any CPU
		{794466EE-382B-1AB3-F86B-66B232260330}.Debug|Any CPU.Build.0 = Debug|Any CPU
		{794466EE-382B-1AB3-F86B-66B232260330}.Release|Any CPU.ActiveCfg = Release|Any CPU
		{794466EE-382B-1AB3-F86B-66B232260330}.Release|Any CPU.Build.0 = Release|Any CPU
		{38D38564-9CF4-E808-160C-FFA89C19969F}.Debug|Any CPU.ActiveCfg = Debug|Any CPU
		{38D38564-9CF4-E808-160C-FFA89C19969F}.Debug|Any CPU.Build.0 = Debug|Any CPU
		{38D38564-9CF4-E808-160C-FFA89C19969F}.Release|Any CPU.ActiveCfg = Release|Any CPU
		{38D38564-9CF4-E808-160C-FFA89C19969F}.Release|Any CPU.Build.0 = Release|Any CPU
		{0CBDAE62-1A90-26D1-3CC2-48B44E46B323}.Debug|Any CPU.ActiveCfg = Debug|Any CPU
		{0CBDAE62-1A90-26D1-3CC2-48B44E46B323}.Debug|Any CPU.Build.0 = Debug|Any CPU
		{0CBDAE62-1A90-26D1-3CC2-48B44E46B323}.Release|Any CPU.ActiveCfg = Release|Any CPU
		{0CBDAE62-1A90-26D1-3CC2-48B44E46B323}.Release|Any CPU.Build.0 = Release|Any CPU
		{5287B50C-DE45-7A2A-F90A-D9CB355833BF}.Debug|Any CPU.ActiveCfg = Debug|Any CPU
		{5287B50C-DE45-7A2A-F90A-D9CB355833BF}.Debug|Any CPU.Build.0 = Debug|Any CPU
		{5287B50C-DE45-7A2A-F90A-D9CB355833BF}.Release|Any CPU.ActiveCfg = Release|Any CPU
		{5287B50C-DE45-7A2A-F90A-D9CB355833BF}.Release|Any CPU.Build.0 = Release|Any CPU
		{2A64BB44-6467-BA91-DFE0-B6FEE182987C}.Debug|Any CPU.ActiveCfg = Debug|Any CPU
		{2A64BB44-6467-BA91-DFE0-B6FEE182987C}.Debug|Any CPU.Build.0 = Debug|Any CPU
		{2A64BB44-6467-BA91-DFE0-B6FEE182987C}.Release|Any CPU.ActiveCfg = Release|Any CPU
		{2A64BB44-6467-BA91-DFE0-B6FEE182987C}.Release|Any CPU.Build.0 = Release|Any CPU
		{7305D38A-7D1F-E971-EF4C-8AACC95F4C6E}.Debug|Any CPU.ActiveCfg = Debug|Any CPU
		{7305D38A-7D1F-E971-EF4C-8AACC95F4C6E}.Debug|Any CPU.Build.0 = Debug|Any CPU
		{7305D38A-7D1F-E971-EF4C-8AACC95F4C6E}.Release|Any CPU.ActiveCfg = Release|Any CPU
		{7305D38A-7D1F-E971-EF4C-8AACC95F4C6E}.Release|Any CPU.Build.0 = Release|Any CPU
		{6278E008-D24B-6629-2499-E2CA14F568DF}.Debug|Any CPU.ActiveCfg = Debug|Any CPU
		{6278E008-D24B-6629-2499-E2CA14F568DF}.Debug|Any CPU.Build.0 = Debug|Any CPU
		{6278E008-D24B-6629-2499-E2CA14F568DF}.Release|Any CPU.ActiveCfg = Release|Any CPU
		{6278E008-D24B-6629-2499-E2CA14F568DF}.Release|Any CPU.Build.0 = Release|Any CPU
		{C88DA5B1-85A3-EA15-2491-88BE66D6DE7D}.Debug|Any CPU.ActiveCfg = Debug|Any CPU
		{C88DA5B1-85A3-EA15-2491-88BE66D6DE7D}.Debug|Any CPU.Build.0 = Debug|Any CPU
		{C88DA5B1-85A3-EA15-2491-88BE66D6DE7D}.Release|Any CPU.ActiveCfg = Release|Any CPU
		{C88DA5B1-85A3-EA15-2491-88BE66D6DE7D}.Release|Any CPU.Build.0 = Release|Any CPU
		{AABEC578-AC8B-55D2-EA73-A5BC07AEA37F}.Debug|Any CPU.ActiveCfg = Debug|Any CPU
		{AABEC578-AC8B-55D2-EA73-A5BC07AEA37F}.Debug|Any CPU.Build.0 = Debug|Any CPU
		{AABEC578-AC8B-55D2-EA73-A5BC07AEA37F}.Release|Any CPU.ActiveCfg = Release|Any CPU
		{AABEC578-AC8B-55D2-EA73-A5BC07AEA37F}.Release|Any CPU.Build.0 = Release|Any CPU
		{684E78EC-185F-8C69-C8AF-7ED2E86673C8}.Debug|Any CPU.ActiveCfg = Debug|Any CPU
		{684E78EC-185F-8C69-C8AF-7ED2E86673C8}.Debug|Any CPU.Build.0 = Debug|Any CPU
		{684E78EC-185F-8C69-C8AF-7ED2E86673C8}.Release|Any CPU.ActiveCfg = Release|Any CPU
		{684E78EC-185F-8C69-C8AF-7ED2E86673C8}.Release|Any CPU.Build.0 = Release|Any CPU
		{61C54389-D7ED-3456-6050-AB180CE036D4}.Debug|Any CPU.ActiveCfg = Debug|Any CPU
		{61C54389-D7ED-3456-6050-AB180CE036D4}.Debug|Any CPU.Build.0 = Debug|Any CPU
		{61C54389-D7ED-3456-6050-AB180CE036D4}.Release|Any CPU.ActiveCfg = Release|Any CPU
		{61C54389-D7ED-3456-6050-AB180CE036D4}.Release|Any CPU.Build.0 = Release|Any CPU
		{41CD72CC-C769-E772-6754-45CD8A7C0F39}.Debug|Any CPU.ActiveCfg = Debug|Any CPU
		{41CD72CC-C769-E772-6754-45CD8A7C0F39}.Debug|Any CPU.Build.0 = Debug|Any CPU
		{41CD72CC-C769-E772-6754-45CD8A7C0F39}.Release|Any CPU.ActiveCfg = Release|Any CPU
		{41CD72CC-C769-E772-6754-45CD8A7C0F39}.Release|Any CPU.Build.0 = Release|Any CPU
		{7B22759C-CD6A-B804-4AB5-1F564509A408}.Debug|Any CPU.ActiveCfg = Debug|Any CPU
		{7B22759C-CD6A-B804-4AB5-1F564509A408}.Debug|Any CPU.Build.0 = Debug|Any CPU
		{7B22759C-CD6A-B804-4AB5-1F564509A408}.Release|Any CPU.ActiveCfg = Release|Any CPU
		{7B22759C-CD6A-B804-4AB5-1F564509A408}.Release|Any CPU.Build.0 = Release|Any CPU
		{4036A424-6F17-2DB7-AC9B-C098FB7D5AD8}.Debug|Any CPU.ActiveCfg = Debug|Any CPU
		{4036A424-6F17-2DB7-AC9B-C098FB7D5AD8}.Debug|Any CPU.Build.0 = Debug|Any CPU
		{4036A424-6F17-2DB7-AC9B-C098FB7D5AD8}.Release|Any CPU.ActiveCfg = Release|Any CPU
		{4036A424-6F17-2DB7-AC9B-C098FB7D5AD8}.Release|Any CPU.Build.0 = Release|Any CPU
		{9546D0D8-271E-847E-2796-D6CEE7FB3BE9}.Debug|Any CPU.ActiveCfg = Debug|Any CPU
		{9546D0D8-271E-847E-2796-D6CEE7FB3BE9}.Debug|Any CPU.Build.0 = Debug|Any CPU
		{9546D0D8-271E-847E-2796-D6CEE7FB3BE9}.Release|Any CPU.ActiveCfg = Release|Any CPU
		{9546D0D8-271E-847E-2796-D6CEE7FB3BE9}.Release|Any CPU.Build.0 = Release|Any CPU
		{7D9DC6D7-93A8-D972-B7B0-8C0A55B60F76}.Debug|Any CPU.ActiveCfg = Debug|Any CPU
		{7D9DC6D7-93A8-D972-B7B0-8C0A55B60F76}.Debug|Any CPU.Build.0 = Debug|Any CPU
		{7D9DC6D7-93A8-D972-B7B0-8C0A55B60F76}.Release|Any CPU.ActiveCfg = Release|Any CPU
		{7D9DC6D7-93A8-D972-B7B0-8C0A55B60F76}.Release|Any CPU.Build.0 = Release|Any CPU
		{1C8AF7D3-F53B-99F9-BB3B-C834EC844521}.Debug|Any CPU.ActiveCfg = Debug|Any CPU
		{1C8AF7D3-F53B-99F9-BB3B-C834EC844521}.Debug|Any CPU.Build.0 = Debug|Any CPU
		{1C8AF7D3-F53B-99F9-BB3B-C834EC844521}.Release|Any CPU.ActiveCfg = Release|Any CPU
		{1C8AF7D3-F53B-99F9-BB3B-C834EC844521}.Release|Any CPU.Build.0 = Release|Any CPU
		{0DDC0DB3-D9F8-2259-E564-2A29850B4177}.Debug|Any CPU.ActiveCfg = Debug|Any CPU
		{0DDC0DB3-D9F8-2259-E564-2A29850B4177}.Debug|Any CPU.Build.0 = Debug|Any CPU
		{0DDC0DB3-D9F8-2259-E564-2A29850B4177}.Release|Any CPU.ActiveCfg = Release|Any CPU
		{0DDC0DB3-D9F8-2259-E564-2A29850B4177}.Release|Any CPU.Build.0 = Release|Any CPU
		{CAF00F83-942F-0987-D154-8DEB87581468}.Debug|Any CPU.ActiveCfg = Debug|Any CPU
		{CAF00F83-942F-0987-D154-8DEB87581468}.Debug|Any CPU.Build.0 = Debug|Any CPU
		{CAF00F83-942F-0987-D154-8DEB87581468}.Release|Any CPU.ActiveCfg = Release|Any CPU
		{CAF00F83-942F-0987-D154-8DEB87581468}.Release|Any CPU.Build.0 = Release|Any CPU
		{20B1B45E-67F2-B727-9DAE-DF18AD2D00B5}.Debug|Any CPU.ActiveCfg = Debug|Any CPU
		{20B1B45E-67F2-B727-9DAE-DF18AD2D00B5}.Debug|Any CPU.Build.0 = Debug|Any CPU
		{20B1B45E-67F2-B727-9DAE-DF18AD2D00B5}.Release|Any CPU.ActiveCfg = Release|Any CPU
		{20B1B45E-67F2-B727-9DAE-DF18AD2D00B5}.Release|Any CPU.Build.0 = Release|Any CPU
		{FA1E59FC-9C6E-13F1-F351-EFA61EB3F943}.Debug|Any CPU.ActiveCfg = Debug|Any CPU
		{FA1E59FC-9C6E-13F1-F351-EFA61EB3F943}.Debug|Any CPU.Build.0 = Debug|Any CPU
		{FA1E59FC-9C6E-13F1-F351-EFA61EB3F943}.Release|Any CPU.ActiveCfg = Release|Any CPU
		{FA1E59FC-9C6E-13F1-F351-EFA61EB3F943}.Release|Any CPU.Build.0 = Release|Any CPU
		{E217C2C5-C6BD-550A-8ABE-5B8E1A880C12}.Debug|Any CPU.ActiveCfg = Debug|Any CPU
		{E217C2C5-C6BD-550A-8ABE-5B8E1A880C12}.Debug|Any CPU.Build.0 = Debug|Any CPU
		{E217C2C5-C6BD-550A-8ABE-5B8E1A880C12}.Release|Any CPU.ActiveCfg = Release|Any CPU
		{E217C2C5-C6BD-550A-8ABE-5B8E1A880C12}.Release|Any CPU.Build.0 = Release|Any CPU
		{1F19445C-EF51-56D8-C74B-7F8FD97E9524}.Debug|Any CPU.ActiveCfg = Debug|Any CPU
		{1F19445C-EF51-56D8-C74B-7F8FD97E9524}.Debug|Any CPU.Build.0 = Debug|Any CPU
		{1F19445C-EF51-56D8-C74B-7F8FD97E9524}.Release|Any CPU.ActiveCfg = Release|Any CPU
		{1F19445C-EF51-56D8-C74B-7F8FD97E9524}.Release|Any CPU.Build.0 = Release|Any CPU
		{1F04A56E-3410-8B5C-01B9-80FB9BDB478F}.Debug|Any CPU.ActiveCfg = Debug|Any CPU
		{1F04A56E-3410-8B5C-01B9-80FB9BDB478F}.Debug|Any CPU.Build.0 = Debug|Any CPU
		{1F04A56E-3410-8B5C-01B9-80FB9BDB478F}.Release|Any CPU.ActiveCfg = Release|Any CPU
		{1F04A56E-3410-8B5C-01B9-80FB9BDB478F}.Release|Any CPU.Build.0 = Release|Any CPU
		{0EFB31F7-B226-8FF8-3846-51B1602C9DA5}.Debug|Any CPU.ActiveCfg = Debug|Any CPU
		{0EFB31F7-B226-8FF8-3846-51B1602C9DA5}.Debug|Any CPU.Build.0 = Debug|Any CPU
		{0EFB31F7-B226-8FF8-3846-51B1602C9DA5}.Release|Any CPU.ActiveCfg = Release|Any CPU
		{0EFB31F7-B226-8FF8-3846-51B1602C9DA5}.Release|Any CPU.Build.0 = Release|Any CPU
		{87AC64FC-F0FC-E9BD-4179-A7FF8843782A}.Debug|Any CPU.ActiveCfg = Debug|Any CPU
		{87AC64FC-F0FC-E9BD-4179-A7FF8843782A}.Debug|Any CPU.Build.0 = Debug|Any CPU
		{87AC64FC-F0FC-E9BD-4179-A7FF8843782A}.Release|Any CPU.ActiveCfg = Release|Any CPU
		{87AC64FC-F0FC-E9BD-4179-A7FF8843782A}.Release|Any CPU.Build.0 = Release|Any CPU
		{74AC9ED9-AB9C-8C6B-49AB-C06ECA9D6DBB}.Debug|Any CPU.ActiveCfg = Debug|Any CPU
		{74AC9ED9-AB9C-8C6B-49AB-C06ECA9D6DBB}.Debug|Any CPU.Build.0 = Debug|Any CPU
		{74AC9ED9-AB9C-8C6B-49AB-C06ECA9D6DBB}.Release|Any CPU.ActiveCfg = Release|Any CPU
		{74AC9ED9-AB9C-8C6B-49AB-C06ECA9D6DBB}.Release|Any CPU.Build.0 = Release|Any CPU
		{FD8FAFA5-BEFC-4F72-3325-50437FC595B1}.Debug|Any CPU.ActiveCfg = Debug|Any CPU
		{FD8FAFA5-BEFC-4F72-3325-50437FC595B1}.Debug|Any CPU.Build.0 = Debug|Any CPU
		{FD8FAFA5-BEFC-4F72-3325-50437FC595B1}.Release|Any CPU.ActiveCfg = Release|Any CPU
		{FD8FAFA5-BEFC-4F72-3325-50437FC595B1}.Release|Any CPU.Build.0 = Release|Any CPU
		{FA4D08A3-FBEC-7FA3-C107-1A1CC2481C14}.Debug|Any CPU.ActiveCfg = Debug|Any CPU
		{FA4D08A3-FBEC-7FA3-C107-1A1CC2481C14}.Debug|Any CPU.Build.0 = Debug|Any CPU
		{FA4D08A3-FBEC-7FA3-C107-1A1CC2481C14}.Release|Any CPU.ActiveCfg = Release|Any CPU
		{FA4D08A3-FBEC-7FA3-C107-1A1CC2481C14}.Release|Any CPU.Build.0 = Release|Any CPU
		{5C1E2DF6-DEAF-078F-FF8B-8DEA1B6DD6BD}.Debug|Any CPU.ActiveCfg = Debug|Any CPU
		{5C1E2DF6-DEAF-078F-FF8B-8DEA1B6DD6BD}.Debug|Any CPU.Build.0 = Debug|Any CPU
		{5C1E2DF6-DEAF-078F-FF8B-8DEA1B6DD6BD}.Release|Any CPU.ActiveCfg = Release|Any CPU
		{5C1E2DF6-DEAF-078F-FF8B-8DEA1B6DD6BD}.Release|Any CPU.Build.0 = Release|Any CPU
		{A798BF29-9CAF-0C43-3C79-9CA4E4D12E43}.Debug|Any CPU.ActiveCfg = Debug|Any CPU
		{A798BF29-9CAF-0C43-3C79-9CA4E4D12E43}.Debug|Any CPU.Build.0 = Debug|Any CPU
		{A798BF29-9CAF-0C43-3C79-9CA4E4D12E43}.Release|Any CPU.ActiveCfg = Release|Any CPU
		{A798BF29-9CAF-0C43-3C79-9CA4E4D12E43}.Release|Any CPU.Build.0 = Release|Any CPU
		{5D410502-78D3-C0A4-72AE-A1356D2F99DE}.Debug|Any CPU.ActiveCfg = Debug|Any CPU
		{5D410502-78D3-C0A4-72AE-A1356D2F99DE}.Debug|Any CPU.Build.0 = Debug|Any CPU
		{5D410502-78D3-C0A4-72AE-A1356D2F99DE}.Release|Any CPU.ActiveCfg = Release|Any CPU
		{5D410502-78D3-C0A4-72AE-A1356D2F99DE}.Release|Any CPU.Build.0 = Release|Any CPU
		{0AEDB0C2-4967-F607-AA17-4E616DA79F76}.Debug|Any CPU.ActiveCfg = Debug|Any CPU
		{0AEDB0C2-4967-F607-AA17-4E616DA79F76}.Debug|Any CPU.Build.0 = Debug|Any CPU
		{0AEDB0C2-4967-F607-AA17-4E616DA79F76}.Release|Any CPU.ActiveCfg = Release|Any CPU
		{0AEDB0C2-4967-F607-AA17-4E616DA79F76}.Release|Any CPU.Build.0 = Release|Any CPU
		{46B0022D-E65D-C781-A2F6-BBBEA5799ADA}.Debug|Any CPU.ActiveCfg = Debug|Any CPU
		{46B0022D-E65D-C781-A2F6-BBBEA5799ADA}.Debug|Any CPU.Build.0 = Debug|Any CPU
		{46B0022D-E65D-C781-A2F6-BBBEA5799ADA}.Release|Any CPU.ActiveCfg = Release|Any CPU
		{46B0022D-E65D-C781-A2F6-BBBEA5799ADA}.Release|Any CPU.Build.0 = Release|Any CPU
		{45A98AFD-2C24-729B-9729-4D67E8D92874}.Debug|Any CPU.ActiveCfg = Debug|Any CPU
		{45A98AFD-2C24-729B-9729-4D67E8D92874}.Debug|Any CPU.Build.0 = Debug|Any CPU
		{45A98AFD-2C24-729B-9729-4D67E8D92874}.Release|Any CPU.ActiveCfg = Release|Any CPU
		{45A98AFD-2C24-729B-9729-4D67E8D92874}.Release|Any CPU.Build.0 = Release|Any CPU
		{82636517-6BF6-A6EC-8526-4F801AC2E53F}.Debug|Any CPU.ActiveCfg = Debug|Any CPU
		{82636517-6BF6-A6EC-8526-4F801AC2E53F}.Debug|Any CPU.Build.0 = Debug|Any CPU
		{82636517-6BF6-A6EC-8526-4F801AC2E53F}.Release|Any CPU.ActiveCfg = Release|Any CPU
		{82636517-6BF6-A6EC-8526-4F801AC2E53F}.Release|Any CPU.Build.0 = Release|Any CPU
		{DF5622EE-7DE4-038B-9905-65EE5B75809F}.Debug|Any CPU.ActiveCfg = Debug|Any CPU
		{DF5622EE-7DE4-038B-9905-65EE5B75809F}.Debug|Any CPU.Build.0 = Debug|Any CPU
		{DF5622EE-7DE4-038B-9905-65EE5B75809F}.Release|Any CPU.ActiveCfg = Release|Any CPU
		{DF5622EE-7DE4-038B-9905-65EE5B75809F}.Release|Any CPU.Build.0 = Release|Any CPU
	EndGlobalSection
	GlobalSection(SolutionProperties) = preSolution
		HideSolutionNode = FALSE
	EndGlobalSection
EndGlobal
